
Microsoft Visual Studio Solution File, Format Version 12.00
# Visual Studio 14
VisualStudioVersion = 14.0.25123.0
MinimumVisualStudioVersion = 10.0.40219.1
Project("{2150E333-8FDC-42A3-9474-1A3956D46DE8}") = "Messenger", "Messenger", "{D603D2CB-6F3D-4DF7-ADC5-0C4E656058F7}"
EndProject
Project("{FAE04EC0-301F-11D3-BF4B-00C04F79EFBC}") = "Messenger", "Messenger\Messenger.csproj", "{A983858D-E270-4BD8-95CF-5776E4A97036}"
EndProject
Project("{2150E333-8FDC-42A3-9474-1A3956D46DE8}") = "Android", "Android", "{166829A3-86E4-411E-9D25-26D8EEDD9A6A}"
EndProject
Project("{FAE04EC0-301F-11D3-BF4B-00C04F79EFBC}") = "MvvmLightBindings.Droid", "Android\MvvmLightBindings.Droid\MvvmLightBindings.Droid.csproj", "{64E9EE8A-B31D-49EB-96F4-6F8FD9154573}"
EndProject
Project("{FAE04EC0-301F-11D3-BF4B-00C04F79EFBC}") = "MvvmLightListBindings.Droid", "Android\MvvmLightListBindings.Droid\MvvmLightListBindings.Droid.csproj", "{9D8D46C4-7235-431E-9001-271B388BA274}"
EndProject
Project("{2150E333-8FDC-42A3-9474-1A3956D46DE8}") = "iOS", "iOS", "{1941547A-FB9B-44A6-ADEB-40F2313F1B24}"
EndProject
Project("{FAE04EC0-301F-11D3-BF4B-00C04F79EFBC}") = "MvvmLightTableViewBindings.iOS", "iOS\MvvmLightTableViewBindings.iOS\MvvmLightTableViewBindings.iOS.csproj", "{B62E1B62-4166-4C08-9B81-E47AB56EA59E}"
EndProject
Project("{FAE04EC0-301F-11D3-BF4B-00C04F79EFBC}") = "MvvmLightTableViewCellBindings.iOS", "iOS\MvvmLightTableViewCellBindings.iOS\MvvmLightTableViewCellBindings.iOS.csproj", "{86DD2A6C-1B41-4089-8FD8-376CDA0D5D57}"
EndProject
Project("{FAE04EC0-301F-11D3-BF4B-00C04F79EFBC}") = "MvvmLightListRowBindings.Droid", "Android\MvvmLightListRowBindings.Droid\MvvmLightListRowBindings.Droid.csproj", "{60D17626-B3E7-45C5-9A4F-74B5415C2CB7}"
EndProject
Project("{2150E333-8FDC-42A3-9474-1A3956D46DE8}") = "XamarinForms", "XamarinForms", "{BD8E708E-C920-46EC-BCA6-6FB75A228FDB}"
EndProject
Project("{2150E333-8FDC-42A3-9474-1A3956D46DE8}") = "Bindings", "Bindings", "{B2F36159-A93D-4116-A40C-78F92E736CCA}"
EndProject
Project("{FAE04EC0-301F-11D3-BF4B-00C04F79EFBC}") = "MvvmLightBindings.Droid", "MvvmLightBindings\MvvmLightBindings.Droid\MvvmLightBindings.Droid.csproj", "{D8146E1F-AA1A-4730-ADBE-7E4730839677}"
EndProject
Project("{FAE04EC0-301F-11D3-BF4B-00C04F79EFBC}") = "MvvmLightBindings.iOS", "MvvmLightBindings\MvvmLightBindings.iOS\MvvmLightBindings.iOS.csproj", "{12363240-C688-4F0E-999F-D872F67EE2C9}"
EndProject
Project("{FAE04EC0-301F-11D3-BF4B-00C04F79EFBC}") = "MvvmLightBindings.WinPhone", "MvvmLightBindings\MvvmLightBindings.WinPhone\MvvmLightBindings.WinPhone.csproj", "{954762A1-CFFD-47B7-9758-03636519F605}"
EndProject
Project("{FAE04EC0-301F-11D3-BF4B-00C04F79EFBC}") = "MvvmLightBindings.UWP", "MvvmLightBindings\MvvmLightBindings.UWP\MvvmLightBindings.UWP.csproj", "{047B03E9-DE2B-490A-8ED6-6CB62EAE2AB4}"
EndProject
Project("{FAE04EC0-301F-11D3-BF4B-00C04F79EFBC}") = "MvvmLightBindings.Windows", "MvvmLightBindings\MvvmLightBindings.Windows\MvvmLightBindings.Windows.csproj", "{74CB7CA4-2F09-4968-A95B-F9D48D23AEC6}"
EndProject
Project("{FAE04EC0-301F-11D3-BF4B-00C04F79EFBC}") = "MvvmLightBindings", "MvvmLightBindings\MvvmLightBindings\MvvmLightBindings.csproj", "{1975B8B8-E67C-4872-B0AA-42F16FC0064E}"
EndProject
Global
	GlobalSection(SolutionConfigurationPlatforms) = preSolution
		Ad-Hoc|Any CPU = Ad-Hoc|Any CPU
		Ad-Hoc|ARM = Ad-Hoc|ARM
		Ad-Hoc|iPhone = Ad-Hoc|iPhone
		Ad-Hoc|iPhoneSimulator = Ad-Hoc|iPhoneSimulator
		Ad-Hoc|x64 = Ad-Hoc|x64
		Ad-Hoc|x86 = Ad-Hoc|x86
		AppStore|Any CPU = AppStore|Any CPU
		AppStore|ARM = AppStore|ARM
		AppStore|iPhone = AppStore|iPhone
		AppStore|iPhoneSimulator = AppStore|iPhoneSimulator
		AppStore|x64 = AppStore|x64
		AppStore|x86 = AppStore|x86
		Debug|Any CPU = Debug|Any CPU
		Debug|ARM = Debug|ARM
		Debug|iPhone = Debug|iPhone
		Debug|iPhoneSimulator = Debug|iPhoneSimulator
		Debug|x64 = Debug|x64
		Debug|x86 = Debug|x86
		Release|Any CPU = Release|Any CPU
		Release|ARM = Release|ARM
		Release|iPhone = Release|iPhone
		Release|iPhoneSimulator = Release|iPhoneSimulator
		Release|x64 = Release|x64
		Release|x86 = Release|x86
	EndGlobalSection
	GlobalSection(ProjectConfigurationPlatforms) = postSolution
		{A983858D-E270-4BD8-95CF-5776E4A97036}.Ad-Hoc|Any CPU.ActiveCfg = Release|Any CPU
		{A983858D-E270-4BD8-95CF-5776E4A97036}.Ad-Hoc|Any CPU.Build.0 = Release|Any CPU
		{A983858D-E270-4BD8-95CF-5776E4A97036}.Ad-Hoc|Any CPU.Deploy.0 = Release|Any CPU
		{A983858D-E270-4BD8-95CF-5776E4A97036}.Ad-Hoc|ARM.ActiveCfg = Release|ARM
		{A983858D-E270-4BD8-95CF-5776E4A97036}.Ad-Hoc|ARM.Build.0 = Release|ARM
		{A983858D-E270-4BD8-95CF-5776E4A97036}.Ad-Hoc|ARM.Deploy.0 = Release|ARM
		{A983858D-E270-4BD8-95CF-5776E4A97036}.Ad-Hoc|iPhone.ActiveCfg = Release|Any CPU
		{A983858D-E270-4BD8-95CF-5776E4A97036}.Ad-Hoc|iPhone.Build.0 = Release|Any CPU
		{A983858D-E270-4BD8-95CF-5776E4A97036}.Ad-Hoc|iPhone.Deploy.0 = Release|Any CPU
		{A983858D-E270-4BD8-95CF-5776E4A97036}.Ad-Hoc|iPhoneSimulator.ActiveCfg = Release|Any CPU
		{A983858D-E270-4BD8-95CF-5776E4A97036}.Ad-Hoc|iPhoneSimulator.Build.0 = Release|Any CPU
		{A983858D-E270-4BD8-95CF-5776E4A97036}.Ad-Hoc|iPhoneSimulator.Deploy.0 = Release|Any CPU
		{A983858D-E270-4BD8-95CF-5776E4A97036}.Ad-Hoc|x64.ActiveCfg = Release|Any CPU
		{A983858D-E270-4BD8-95CF-5776E4A97036}.Ad-Hoc|x64.Build.0 = Release|Any CPU
		{A983858D-E270-4BD8-95CF-5776E4A97036}.Ad-Hoc|x64.Deploy.0 = Release|Any CPU
		{A983858D-E270-4BD8-95CF-5776E4A97036}.Ad-Hoc|x86.ActiveCfg = Release|x86
		{A983858D-E270-4BD8-95CF-5776E4A97036}.Ad-Hoc|x86.Build.0 = Release|x86
		{A983858D-E270-4BD8-95CF-5776E4A97036}.Ad-Hoc|x86.Deploy.0 = Release|x86
		{A983858D-E270-4BD8-95CF-5776E4A97036}.AppStore|Any CPU.ActiveCfg = Release|Any CPU
		{A983858D-E270-4BD8-95CF-5776E4A97036}.AppStore|Any CPU.Build.0 = Release|Any CPU
		{A983858D-E270-4BD8-95CF-5776E4A97036}.AppStore|Any CPU.Deploy.0 = Release|Any CPU
		{A983858D-E270-4BD8-95CF-5776E4A97036}.AppStore|ARM.ActiveCfg = Release|ARM
		{A983858D-E270-4BD8-95CF-5776E4A97036}.AppStore|ARM.Build.0 = Release|ARM
		{A983858D-E270-4BD8-95CF-5776E4A97036}.AppStore|ARM.Deploy.0 = Release|ARM
		{A983858D-E270-4BD8-95CF-5776E4A97036}.AppStore|iPhone.ActiveCfg = Release|Any CPU
		{A983858D-E270-4BD8-95CF-5776E4A97036}.AppStore|iPhone.Build.0 = Release|Any CPU
		{A983858D-E270-4BD8-95CF-5776E4A97036}.AppStore|iPhone.Deploy.0 = Release|Any CPU
		{A983858D-E270-4BD8-95CF-5776E4A97036}.AppStore|iPhoneSimulator.ActiveCfg = Release|Any CPU
		{A983858D-E270-4BD8-95CF-5776E4A97036}.AppStore|iPhoneSimulator.Build.0 = Release|Any CPU
		{A983858D-E270-4BD8-95CF-5776E4A97036}.AppStore|iPhoneSimulator.Deploy.0 = Release|Any CPU
		{A983858D-E270-4BD8-95CF-5776E4A97036}.AppStore|x64.ActiveCfg = Release|Any CPU
		{A983858D-E270-4BD8-95CF-5776E4A97036}.AppStore|x64.Build.0 = Release|Any CPU
		{A983858D-E270-4BD8-95CF-5776E4A97036}.AppStore|x64.Deploy.0 = Release|Any CPU
		{A983858D-E270-4BD8-95CF-5776E4A97036}.AppStore|x86.ActiveCfg = Release|x86
		{A983858D-E270-4BD8-95CF-5776E4A97036}.AppStore|x86.Build.0 = Release|x86
		{A983858D-E270-4BD8-95CF-5776E4A97036}.AppStore|x86.Deploy.0 = Release|x86
		{A983858D-E270-4BD8-95CF-5776E4A97036}.Debug|Any CPU.ActiveCfg = Debug|Any CPU
		{A983858D-E270-4BD8-95CF-5776E4A97036}.Debug|Any CPU.Build.0 = Debug|Any CPU
		{A983858D-E270-4BD8-95CF-5776E4A97036}.Debug|Any CPU.Deploy.0 = Debug|Any CPU
		{A983858D-E270-4BD8-95CF-5776E4A97036}.Debug|ARM.ActiveCfg = Debug|ARM
		{A983858D-E270-4BD8-95CF-5776E4A97036}.Debug|ARM.Build.0 = Debug|ARM
		{A983858D-E270-4BD8-95CF-5776E4A97036}.Debug|ARM.Deploy.0 = Debug|ARM
		{A983858D-E270-4BD8-95CF-5776E4A97036}.Debug|iPhone.ActiveCfg = Debug|Any CPU
		{A983858D-E270-4BD8-95CF-5776E4A97036}.Debug|iPhone.Build.0 = Debug|Any CPU
		{A983858D-E270-4BD8-95CF-5776E4A97036}.Debug|iPhone.Deploy.0 = Debug|Any CPU
		{A983858D-E270-4BD8-95CF-5776E4A97036}.Debug|iPhoneSimulator.ActiveCfg = Debug|Any CPU
		{A983858D-E270-4BD8-95CF-5776E4A97036}.Debug|iPhoneSimulator.Build.0 = Debug|Any CPU
		{A983858D-E270-4BD8-95CF-5776E4A97036}.Debug|iPhoneSimulator.Deploy.0 = Debug|Any CPU
		{A983858D-E270-4BD8-95CF-5776E4A97036}.Debug|x64.ActiveCfg = Debug|Any CPU
		{A983858D-E270-4BD8-95CF-5776E4A97036}.Debug|x86.ActiveCfg = Debug|x86
		{A983858D-E270-4BD8-95CF-5776E4A97036}.Debug|x86.Build.0 = Debug|x86
		{A983858D-E270-4BD8-95CF-5776E4A97036}.Debug|x86.Deploy.0 = Debug|x86
		{A983858D-E270-4BD8-95CF-5776E4A97036}.Release|Any CPU.ActiveCfg = Release|Any CPU
		{A983858D-E270-4BD8-95CF-5776E4A97036}.Release|Any CPU.Build.0 = Release|Any CPU
		{A983858D-E270-4BD8-95CF-5776E4A97036}.Release|Any CPU.Deploy.0 = Release|Any CPU
		{A983858D-E270-4BD8-95CF-5776E4A97036}.Release|ARM.ActiveCfg = Release|ARM
		{A983858D-E270-4BD8-95CF-5776E4A97036}.Release|ARM.Build.0 = Release|ARM
		{A983858D-E270-4BD8-95CF-5776E4A97036}.Release|ARM.Deploy.0 = Release|ARM
		{A983858D-E270-4BD8-95CF-5776E4A97036}.Release|iPhone.ActiveCfg = Release|Any CPU
		{A983858D-E270-4BD8-95CF-5776E4A97036}.Release|iPhone.Build.0 = Release|Any CPU
		{A983858D-E270-4BD8-95CF-5776E4A97036}.Release|iPhone.Deploy.0 = Release|Any CPU
		{A983858D-E270-4BD8-95CF-5776E4A97036}.Release|iPhoneSimulator.ActiveCfg = Release|Any CPU
		{A983858D-E270-4BD8-95CF-5776E4A97036}.Release|iPhoneSimulator.Build.0 = Release|Any CPU
		{A983858D-E270-4BD8-95CF-5776E4A97036}.Release|iPhoneSimulator.Deploy.0 = Release|Any CPU
		{A983858D-E270-4BD8-95CF-5776E4A97036}.Release|x64.ActiveCfg = Release|Any CPU
		{A983858D-E270-4BD8-95CF-5776E4A97036}.Release|x86.ActiveCfg = Release|x86
		{A983858D-E270-4BD8-95CF-5776E4A97036}.Release|x86.Build.0 = Release|x86
		{A983858D-E270-4BD8-95CF-5776E4A97036}.Release|x86.Deploy.0 = Release|x86
		{64E9EE8A-B31D-49EB-96F4-6F8FD9154573}.Ad-Hoc|Any CPU.ActiveCfg = Release|Any CPU
		{64E9EE8A-B31D-49EB-96F4-6F8FD9154573}.Ad-Hoc|Any CPU.Build.0 = Release|Any CPU
		{64E9EE8A-B31D-49EB-96F4-6F8FD9154573}.Ad-Hoc|Any CPU.Deploy.0 = Release|Any CPU
		{64E9EE8A-B31D-49EB-96F4-6F8FD9154573}.Ad-Hoc|ARM.ActiveCfg = Release|Any CPU
		{64E9EE8A-B31D-49EB-96F4-6F8FD9154573}.Ad-Hoc|ARM.Build.0 = Release|Any CPU
		{64E9EE8A-B31D-49EB-96F4-6F8FD9154573}.Ad-Hoc|ARM.Deploy.0 = Release|Any CPU
		{64E9EE8A-B31D-49EB-96F4-6F8FD9154573}.Ad-Hoc|iPhone.ActiveCfg = Release|Any CPU
		{64E9EE8A-B31D-49EB-96F4-6F8FD9154573}.Ad-Hoc|iPhone.Build.0 = Release|Any CPU
		{64E9EE8A-B31D-49EB-96F4-6F8FD9154573}.Ad-Hoc|iPhone.Deploy.0 = Release|Any CPU
		{64E9EE8A-B31D-49EB-96F4-6F8FD9154573}.Ad-Hoc|iPhoneSimulator.ActiveCfg = Release|Any CPU
		{64E9EE8A-B31D-49EB-96F4-6F8FD9154573}.Ad-Hoc|iPhoneSimulator.Build.0 = Release|Any CPU
		{64E9EE8A-B31D-49EB-96F4-6F8FD9154573}.Ad-Hoc|iPhoneSimulator.Deploy.0 = Release|Any CPU
		{64E9EE8A-B31D-49EB-96F4-6F8FD9154573}.Ad-Hoc|x64.ActiveCfg = Release|Any CPU
		{64E9EE8A-B31D-49EB-96F4-6F8FD9154573}.Ad-Hoc|x64.Build.0 = Release|Any CPU
		{64E9EE8A-B31D-49EB-96F4-6F8FD9154573}.Ad-Hoc|x64.Deploy.0 = Release|Any CPU
		{64E9EE8A-B31D-49EB-96F4-6F8FD9154573}.Ad-Hoc|x86.ActiveCfg = Release|Any CPU
		{64E9EE8A-B31D-49EB-96F4-6F8FD9154573}.Ad-Hoc|x86.Build.0 = Release|Any CPU
		{64E9EE8A-B31D-49EB-96F4-6F8FD9154573}.Ad-Hoc|x86.Deploy.0 = Release|Any CPU
		{64E9EE8A-B31D-49EB-96F4-6F8FD9154573}.AppStore|Any CPU.ActiveCfg = Release|Any CPU
		{64E9EE8A-B31D-49EB-96F4-6F8FD9154573}.AppStore|Any CPU.Build.0 = Release|Any CPU
		{64E9EE8A-B31D-49EB-96F4-6F8FD9154573}.AppStore|Any CPU.Deploy.0 = Release|Any CPU
		{64E9EE8A-B31D-49EB-96F4-6F8FD9154573}.AppStore|ARM.ActiveCfg = Release|Any CPU
		{64E9EE8A-B31D-49EB-96F4-6F8FD9154573}.AppStore|ARM.Build.0 = Release|Any CPU
		{64E9EE8A-B31D-49EB-96F4-6F8FD9154573}.AppStore|ARM.Deploy.0 = Release|Any CPU
		{64E9EE8A-B31D-49EB-96F4-6F8FD9154573}.AppStore|iPhone.ActiveCfg = Release|Any CPU
		{64E9EE8A-B31D-49EB-96F4-6F8FD9154573}.AppStore|iPhone.Build.0 = Release|Any CPU
		{64E9EE8A-B31D-49EB-96F4-6F8FD9154573}.AppStore|iPhone.Deploy.0 = Release|Any CPU
		{64E9EE8A-B31D-49EB-96F4-6F8FD9154573}.AppStore|iPhoneSimulator.ActiveCfg = Release|Any CPU
		{64E9EE8A-B31D-49EB-96F4-6F8FD9154573}.AppStore|iPhoneSimulator.Build.0 = Release|Any CPU
		{64E9EE8A-B31D-49EB-96F4-6F8FD9154573}.AppStore|iPhoneSimulator.Deploy.0 = Release|Any CPU
		{64E9EE8A-B31D-49EB-96F4-6F8FD9154573}.AppStore|x64.ActiveCfg = Release|Any CPU
		{64E9EE8A-B31D-49EB-96F4-6F8FD9154573}.AppStore|x64.Build.0 = Release|Any CPU
		{64E9EE8A-B31D-49EB-96F4-6F8FD9154573}.AppStore|x64.Deploy.0 = Release|Any CPU
		{64E9EE8A-B31D-49EB-96F4-6F8FD9154573}.AppStore|x86.ActiveCfg = Release|Any CPU
		{64E9EE8A-B31D-49EB-96F4-6F8FD9154573}.AppStore|x86.Build.0 = Release|Any CPU
		{64E9EE8A-B31D-49EB-96F4-6F8FD9154573}.AppStore|x86.Deploy.0 = Release|Any CPU
		{64E9EE8A-B31D-49EB-96F4-6F8FD9154573}.Debug|Any CPU.ActiveCfg = Debug|Any CPU
		{64E9EE8A-B31D-49EB-96F4-6F8FD9154573}.Debug|Any CPU.Build.0 = Debug|Any CPU
		{64E9EE8A-B31D-49EB-96F4-6F8FD9154573}.Debug|Any CPU.Deploy.0 = Debug|Any CPU
		{64E9EE8A-B31D-49EB-96F4-6F8FD9154573}.Debug|ARM.ActiveCfg = Debug|Any CPU
		{64E9EE8A-B31D-49EB-96F4-6F8FD9154573}.Debug|ARM.Build.0 = Debug|Any CPU
		{64E9EE8A-B31D-49EB-96F4-6F8FD9154573}.Debug|ARM.Deploy.0 = Debug|Any CPU
		{64E9EE8A-B31D-49EB-96F4-6F8FD9154573}.Debug|iPhone.ActiveCfg = Debug|Any CPU
		{64E9EE8A-B31D-49EB-96F4-6F8FD9154573}.Debug|iPhone.Build.0 = Debug|Any CPU
		{64E9EE8A-B31D-49EB-96F4-6F8FD9154573}.Debug|iPhone.Deploy.0 = Debug|Any CPU
		{64E9EE8A-B31D-49EB-96F4-6F8FD9154573}.Debug|iPhoneSimulator.ActiveCfg = Debug|Any CPU
		{64E9EE8A-B31D-49EB-96F4-6F8FD9154573}.Debug|iPhoneSimulator.Build.0 = Debug|Any CPU
		{64E9EE8A-B31D-49EB-96F4-6F8FD9154573}.Debug|iPhoneSimulator.Deploy.0 = Debug|Any CPU
		{64E9EE8A-B31D-49EB-96F4-6F8FD9154573}.Debug|x64.ActiveCfg = Debug|Any CPU
		{64E9EE8A-B31D-49EB-96F4-6F8FD9154573}.Debug|x64.Build.0 = Debug|Any CPU
		{64E9EE8A-B31D-49EB-96F4-6F8FD9154573}.Debug|x64.Deploy.0 = Debug|Any CPU
		{64E9EE8A-B31D-49EB-96F4-6F8FD9154573}.Debug|x86.ActiveCfg = Debug|Any CPU
		{64E9EE8A-B31D-49EB-96F4-6F8FD9154573}.Debug|x86.Build.0 = Debug|Any CPU
		{64E9EE8A-B31D-49EB-96F4-6F8FD9154573}.Debug|x86.Deploy.0 = Debug|Any CPU
		{64E9EE8A-B31D-49EB-96F4-6F8FD9154573}.Release|Any CPU.ActiveCfg = Release|Any CPU
		{64E9EE8A-B31D-49EB-96F4-6F8FD9154573}.Release|Any CPU.Build.0 = Release|Any CPU
		{64E9EE8A-B31D-49EB-96F4-6F8FD9154573}.Release|Any CPU.Deploy.0 = Release|Any CPU
		{64E9EE8A-B31D-49EB-96F4-6F8FD9154573}.Release|ARM.ActiveCfg = Release|Any CPU
		{64E9EE8A-B31D-49EB-96F4-6F8FD9154573}.Release|ARM.Build.0 = Release|Any CPU
		{64E9EE8A-B31D-49EB-96F4-6F8FD9154573}.Release|ARM.Deploy.0 = Release|Any CPU
		{64E9EE8A-B31D-49EB-96F4-6F8FD9154573}.Release|iPhone.ActiveCfg = Release|Any CPU
		{64E9EE8A-B31D-49EB-96F4-6F8FD9154573}.Release|iPhone.Build.0 = Release|Any CPU
		{64E9EE8A-B31D-49EB-96F4-6F8FD9154573}.Release|iPhone.Deploy.0 = Release|Any CPU
		{64E9EE8A-B31D-49EB-96F4-6F8FD9154573}.Release|iPhoneSimulator.ActiveCfg = Release|Any CPU
		{64E9EE8A-B31D-49EB-96F4-6F8FD9154573}.Release|iPhoneSimulator.Build.0 = Release|Any CPU
		{64E9EE8A-B31D-49EB-96F4-6F8FD9154573}.Release|iPhoneSimulator.Deploy.0 = Release|Any CPU
		{64E9EE8A-B31D-49EB-96F4-6F8FD9154573}.Release|x64.ActiveCfg = Release|Any CPU
		{64E9EE8A-B31D-49EB-96F4-6F8FD9154573}.Release|x64.Build.0 = Release|Any CPU
		{64E9EE8A-B31D-49EB-96F4-6F8FD9154573}.Release|x64.Deploy.0 = Release|Any CPU
		{64E9EE8A-B31D-49EB-96F4-6F8FD9154573}.Release|x86.ActiveCfg = Release|Any CPU
		{64E9EE8A-B31D-49EB-96F4-6F8FD9154573}.Release|x86.Build.0 = Release|Any CPU
		{64E9EE8A-B31D-49EB-96F4-6F8FD9154573}.Release|x86.Deploy.0 = Release|Any CPU
		{9D8D46C4-7235-431E-9001-271B388BA274}.Ad-Hoc|Any CPU.ActiveCfg = Release|Any CPU
		{9D8D46C4-7235-431E-9001-271B388BA274}.Ad-Hoc|Any CPU.Build.0 = Release|Any CPU
		{9D8D46C4-7235-431E-9001-271B388BA274}.Ad-Hoc|Any CPU.Deploy.0 = Release|Any CPU
		{9D8D46C4-7235-431E-9001-271B388BA274}.Ad-Hoc|ARM.ActiveCfg = Release|Any CPU
		{9D8D46C4-7235-431E-9001-271B388BA274}.Ad-Hoc|ARM.Build.0 = Release|Any CPU
		{9D8D46C4-7235-431E-9001-271B388BA274}.Ad-Hoc|ARM.Deploy.0 = Release|Any CPU
		{9D8D46C4-7235-431E-9001-271B388BA274}.Ad-Hoc|iPhone.ActiveCfg = Release|Any CPU
		{9D8D46C4-7235-431E-9001-271B388BA274}.Ad-Hoc|iPhone.Build.0 = Release|Any CPU
		{9D8D46C4-7235-431E-9001-271B388BA274}.Ad-Hoc|iPhone.Deploy.0 = Release|Any CPU
		{9D8D46C4-7235-431E-9001-271B388BA274}.Ad-Hoc|iPhoneSimulator.ActiveCfg = Release|Any CPU
		{9D8D46C4-7235-431E-9001-271B388BA274}.Ad-Hoc|iPhoneSimulator.Build.0 = Release|Any CPU
		{9D8D46C4-7235-431E-9001-271B388BA274}.Ad-Hoc|iPhoneSimulator.Deploy.0 = Release|Any CPU
		{9D8D46C4-7235-431E-9001-271B388BA274}.Ad-Hoc|x64.ActiveCfg = Release|Any CPU
		{9D8D46C4-7235-431E-9001-271B388BA274}.Ad-Hoc|x64.Build.0 = Release|Any CPU
		{9D8D46C4-7235-431E-9001-271B388BA274}.Ad-Hoc|x64.Deploy.0 = Release|Any CPU
		{9D8D46C4-7235-431E-9001-271B388BA274}.Ad-Hoc|x86.ActiveCfg = Release|Any CPU
		{9D8D46C4-7235-431E-9001-271B388BA274}.Ad-Hoc|x86.Build.0 = Release|Any CPU
		{9D8D46C4-7235-431E-9001-271B388BA274}.Ad-Hoc|x86.Deploy.0 = Release|Any CPU
		{9D8D46C4-7235-431E-9001-271B388BA274}.AppStore|Any CPU.ActiveCfg = Release|Any CPU
		{9D8D46C4-7235-431E-9001-271B388BA274}.AppStore|Any CPU.Build.0 = Release|Any CPU
		{9D8D46C4-7235-431E-9001-271B388BA274}.AppStore|Any CPU.Deploy.0 = Release|Any CPU
		{9D8D46C4-7235-431E-9001-271B388BA274}.AppStore|ARM.ActiveCfg = Release|Any CPU
		{9D8D46C4-7235-431E-9001-271B388BA274}.AppStore|ARM.Build.0 = Release|Any CPU
		{9D8D46C4-7235-431E-9001-271B388BA274}.AppStore|ARM.Deploy.0 = Release|Any CPU
		{9D8D46C4-7235-431E-9001-271B388BA274}.AppStore|iPhone.ActiveCfg = Release|Any CPU
		{9D8D46C4-7235-431E-9001-271B388BA274}.AppStore|iPhone.Build.0 = Release|Any CPU
		{9D8D46C4-7235-431E-9001-271B388BA274}.AppStore|iPhone.Deploy.0 = Release|Any CPU
		{9D8D46C4-7235-431E-9001-271B388BA274}.AppStore|iPhoneSimulator.ActiveCfg = Release|Any CPU
		{9D8D46C4-7235-431E-9001-271B388BA274}.AppStore|iPhoneSimulator.Build.0 = Release|Any CPU
		{9D8D46C4-7235-431E-9001-271B388BA274}.AppStore|iPhoneSimulator.Deploy.0 = Release|Any CPU
		{9D8D46C4-7235-431E-9001-271B388BA274}.AppStore|x64.ActiveCfg = Release|Any CPU
		{9D8D46C4-7235-431E-9001-271B388BA274}.AppStore|x64.Build.0 = Release|Any CPU
		{9D8D46C4-7235-431E-9001-271B388BA274}.AppStore|x64.Deploy.0 = Release|Any CPU
		{9D8D46C4-7235-431E-9001-271B388BA274}.AppStore|x86.ActiveCfg = Release|Any CPU
		{9D8D46C4-7235-431E-9001-271B388BA274}.AppStore|x86.Build.0 = Release|Any CPU
		{9D8D46C4-7235-431E-9001-271B388BA274}.AppStore|x86.Deploy.0 = Release|Any CPU
		{9D8D46C4-7235-431E-9001-271B388BA274}.Debug|Any CPU.ActiveCfg = Debug|Any CPU
		{9D8D46C4-7235-431E-9001-271B388BA274}.Debug|Any CPU.Build.0 = Debug|Any CPU
		{9D8D46C4-7235-431E-9001-271B388BA274}.Debug|Any CPU.Deploy.0 = Debug|Any CPU
		{9D8D46C4-7235-431E-9001-271B388BA274}.Debug|ARM.ActiveCfg = Debug|Any CPU
		{9D8D46C4-7235-431E-9001-271B388BA274}.Debug|ARM.Build.0 = Debug|Any CPU
		{9D8D46C4-7235-431E-9001-271B388BA274}.Debug|ARM.Deploy.0 = Debug|Any CPU
		{9D8D46C4-7235-431E-9001-271B388BA274}.Debug|iPhone.ActiveCfg = Debug|Any CPU
		{9D8D46C4-7235-431E-9001-271B388BA274}.Debug|iPhone.Build.0 = Debug|Any CPU
		{9D8D46C4-7235-431E-9001-271B388BA274}.Debug|iPhone.Deploy.0 = Debug|Any CPU
		{9D8D46C4-7235-431E-9001-271B388BA274}.Debug|iPhoneSimulator.ActiveCfg = Debug|Any CPU
		{9D8D46C4-7235-431E-9001-271B388BA274}.Debug|iPhoneSimulator.Build.0 = Debug|Any CPU
		{9D8D46C4-7235-431E-9001-271B388BA274}.Debug|iPhoneSimulator.Deploy.0 = Debug|Any CPU
		{9D8D46C4-7235-431E-9001-271B388BA274}.Debug|x64.ActiveCfg = Debug|Any CPU
		{9D8D46C4-7235-431E-9001-271B388BA274}.Debug|x64.Build.0 = Debug|Any CPU
		{9D8D46C4-7235-431E-9001-271B388BA274}.Debug|x64.Deploy.0 = Debug|Any CPU
		{9D8D46C4-7235-431E-9001-271B388BA274}.Debug|x86.ActiveCfg = Debug|Any CPU
		{9D8D46C4-7235-431E-9001-271B388BA274}.Debug|x86.Build.0 = Debug|Any CPU
		{9D8D46C4-7235-431E-9001-271B388BA274}.Debug|x86.Deploy.0 = Debug|Any CPU
		{9D8D46C4-7235-431E-9001-271B388BA274}.Release|Any CPU.ActiveCfg = Release|Any CPU
		{9D8D46C4-7235-431E-9001-271B388BA274}.Release|Any CPU.Build.0 = Release|Any CPU
		{9D8D46C4-7235-431E-9001-271B388BA274}.Release|Any CPU.Deploy.0 = Release|Any CPU
		{9D8D46C4-7235-431E-9001-271B388BA274}.Release|ARM.ActiveCfg = Release|Any CPU
		{9D8D46C4-7235-431E-9001-271B388BA274}.Release|ARM.Build.0 = Release|Any CPU
		{9D8D46C4-7235-431E-9001-271B388BA274}.Release|ARM.Deploy.0 = Release|Any CPU
		{9D8D46C4-7235-431E-9001-271B388BA274}.Release|iPhone.ActiveCfg = Release|Any CPU
		{9D8D46C4-7235-431E-9001-271B388BA274}.Release|iPhone.Build.0 = Release|Any CPU
		{9D8D46C4-7235-431E-9001-271B388BA274}.Release|iPhone.Deploy.0 = Release|Any CPU
		{9D8D46C4-7235-431E-9001-271B388BA274}.Release|iPhoneSimulator.ActiveCfg = Release|Any CPU
		{9D8D46C4-7235-431E-9001-271B388BA274}.Release|iPhoneSimulator.Build.0 = Release|Any CPU
		{9D8D46C4-7235-431E-9001-271B388BA274}.Release|iPhoneSimulator.Deploy.0 = Release|Any CPU
		{9D8D46C4-7235-431E-9001-271B388BA274}.Release|x64.ActiveCfg = Release|Any CPU
		{9D8D46C4-7235-431E-9001-271B388BA274}.Release|x64.Build.0 = Release|Any CPU
		{9D8D46C4-7235-431E-9001-271B388BA274}.Release|x64.Deploy.0 = Release|Any CPU
		{9D8D46C4-7235-431E-9001-271B388BA274}.Release|x86.ActiveCfg = Release|Any CPU
		{9D8D46C4-7235-431E-9001-271B388BA274}.Release|x86.Build.0 = Release|Any CPU
		{9D8D46C4-7235-431E-9001-271B388BA274}.Release|x86.Deploy.0 = Release|Any CPU
		{B62E1B62-4166-4C08-9B81-E47AB56EA59E}.Ad-Hoc|Any CPU.ActiveCfg = Ad-Hoc|iPhone
		{B62E1B62-4166-4C08-9B81-E47AB56EA59E}.Ad-Hoc|ARM.ActiveCfg = Ad-Hoc|iPhone
		{B62E1B62-4166-4C08-9B81-E47AB56EA59E}.Ad-Hoc|iPhone.ActiveCfg = Ad-Hoc|iPhone
		{B62E1B62-4166-4C08-9B81-E47AB56EA59E}.Ad-Hoc|iPhone.Build.0 = Ad-Hoc|iPhone
		{B62E1B62-4166-4C08-9B81-E47AB56EA59E}.Ad-Hoc|iPhoneSimulator.ActiveCfg = Ad-Hoc|iPhoneSimulator
		{B62E1B62-4166-4C08-9B81-E47AB56EA59E}.Ad-Hoc|iPhoneSimulator.Build.0 = Ad-Hoc|iPhoneSimulator
		{B62E1B62-4166-4C08-9B81-E47AB56EA59E}.Ad-Hoc|x64.ActiveCfg = Ad-Hoc|iPhone
		{B62E1B62-4166-4C08-9B81-E47AB56EA59E}.Ad-Hoc|x86.ActiveCfg = Ad-Hoc|iPhone
		{B62E1B62-4166-4C08-9B81-E47AB56EA59E}.AppStore|Any CPU.ActiveCfg = AppStore|iPhone
		{B62E1B62-4166-4C08-9B81-E47AB56EA59E}.AppStore|ARM.ActiveCfg = AppStore|iPhone
		{B62E1B62-4166-4C08-9B81-E47AB56EA59E}.AppStore|iPhone.ActiveCfg = AppStore|iPhone
		{B62E1B62-4166-4C08-9B81-E47AB56EA59E}.AppStore|iPhone.Build.0 = AppStore|iPhone
		{B62E1B62-4166-4C08-9B81-E47AB56EA59E}.AppStore|iPhoneSimulator.ActiveCfg = AppStore|iPhoneSimulator
		{B62E1B62-4166-4C08-9B81-E47AB56EA59E}.AppStore|iPhoneSimulator.Build.0 = AppStore|iPhoneSimulator
		{B62E1B62-4166-4C08-9B81-E47AB56EA59E}.AppStore|x64.ActiveCfg = AppStore|iPhone
		{B62E1B62-4166-4C08-9B81-E47AB56EA59E}.AppStore|x86.ActiveCfg = AppStore|iPhone
		{B62E1B62-4166-4C08-9B81-E47AB56EA59E}.Debug|Any CPU.ActiveCfg = Debug|iPhone
		{B62E1B62-4166-4C08-9B81-E47AB56EA59E}.Debug|ARM.ActiveCfg = Debug|iPhone
		{B62E1B62-4166-4C08-9B81-E47AB56EA59E}.Debug|iPhone.ActiveCfg = Debug|iPhone
		{B62E1B62-4166-4C08-9B81-E47AB56EA59E}.Debug|iPhone.Build.0 = Debug|iPhone
		{B62E1B62-4166-4C08-9B81-E47AB56EA59E}.Debug|iPhoneSimulator.ActiveCfg = Debug|iPhoneSimulator
		{B62E1B62-4166-4C08-9B81-E47AB56EA59E}.Debug|iPhoneSimulator.Build.0 = Debug|iPhoneSimulator
		{B62E1B62-4166-4C08-9B81-E47AB56EA59E}.Debug|x64.ActiveCfg = Debug|iPhone
		{B62E1B62-4166-4C08-9B81-E47AB56EA59E}.Debug|x86.ActiveCfg = Debug|iPhone
		{B62E1B62-4166-4C08-9B81-E47AB56EA59E}.Release|Any CPU.ActiveCfg = Release|iPhone
		{B62E1B62-4166-4C08-9B81-E47AB56EA59E}.Release|ARM.ActiveCfg = Release|iPhone
		{B62E1B62-4166-4C08-9B81-E47AB56EA59E}.Release|iPhone.ActiveCfg = Release|iPhone
		{B62E1B62-4166-4C08-9B81-E47AB56EA59E}.Release|iPhone.Build.0 = Release|iPhone
		{B62E1B62-4166-4C08-9B81-E47AB56EA59E}.Release|iPhoneSimulator.ActiveCfg = Release|iPhoneSimulator
		{B62E1B62-4166-4C08-9B81-E47AB56EA59E}.Release|iPhoneSimulator.Build.0 = Release|iPhoneSimulator
		{B62E1B62-4166-4C08-9B81-E47AB56EA59E}.Release|x64.ActiveCfg = Release|iPhone
		{B62E1B62-4166-4C08-9B81-E47AB56EA59E}.Release|x86.ActiveCfg = Release|iPhone
		{86DD2A6C-1B41-4089-8FD8-376CDA0D5D57}.Ad-Hoc|Any CPU.ActiveCfg = Debug|iPhoneSimulator
		{86DD2A6C-1B41-4089-8FD8-376CDA0D5D57}.Ad-Hoc|Any CPU.Build.0 = Debug|iPhoneSimulator
		{86DD2A6C-1B41-4089-8FD8-376CDA0D5D57}.Ad-Hoc|ARM.ActiveCfg = Debug|iPhoneSimulator
		{86DD2A6C-1B41-4089-8FD8-376CDA0D5D57}.Ad-Hoc|ARM.Build.0 = Debug|iPhoneSimulator
		{86DD2A6C-1B41-4089-8FD8-376CDA0D5D57}.Ad-Hoc|iPhone.ActiveCfg = Release|iPhone
		{86DD2A6C-1B41-4089-8FD8-376CDA0D5D57}.Ad-Hoc|iPhone.Build.0 = Release|iPhone
		{86DD2A6C-1B41-4089-8FD8-376CDA0D5D57}.Ad-Hoc|iPhoneSimulator.ActiveCfg = Debug|iPhoneSimulator
		{86DD2A6C-1B41-4089-8FD8-376CDA0D5D57}.Ad-Hoc|iPhoneSimulator.Build.0 = Debug|iPhoneSimulator
		{86DD2A6C-1B41-4089-8FD8-376CDA0D5D57}.Ad-Hoc|x64.ActiveCfg = Debug|iPhoneSimulator
		{86DD2A6C-1B41-4089-8FD8-376CDA0D5D57}.Ad-Hoc|x64.Build.0 = Debug|iPhoneSimulator
		{86DD2A6C-1B41-4089-8FD8-376CDA0D5D57}.Ad-Hoc|x86.ActiveCfg = Debug|iPhoneSimulator
		{86DD2A6C-1B41-4089-8FD8-376CDA0D5D57}.Ad-Hoc|x86.Build.0 = Debug|iPhoneSimulator
		{86DD2A6C-1B41-4089-8FD8-376CDA0D5D57}.AppStore|Any CPU.ActiveCfg = Debug|iPhoneSimulator
		{86DD2A6C-1B41-4089-8FD8-376CDA0D5D57}.AppStore|Any CPU.Build.0 = Debug|iPhoneSimulator
		{86DD2A6C-1B41-4089-8FD8-376CDA0D5D57}.AppStore|ARM.ActiveCfg = Debug|iPhoneSimulator
		{86DD2A6C-1B41-4089-8FD8-376CDA0D5D57}.AppStore|ARM.Build.0 = Debug|iPhoneSimulator
		{86DD2A6C-1B41-4089-8FD8-376CDA0D5D57}.AppStore|iPhone.ActiveCfg = Release|iPhone
		{86DD2A6C-1B41-4089-8FD8-376CDA0D5D57}.AppStore|iPhone.Build.0 = Release|iPhone
		{86DD2A6C-1B41-4089-8FD8-376CDA0D5D57}.AppStore|iPhoneSimulator.ActiveCfg = Debug|iPhoneSimulator
		{86DD2A6C-1B41-4089-8FD8-376CDA0D5D57}.AppStore|iPhoneSimulator.Build.0 = Debug|iPhoneSimulator
		{86DD2A6C-1B41-4089-8FD8-376CDA0D5D57}.AppStore|x64.ActiveCfg = Debug|iPhoneSimulator
		{86DD2A6C-1B41-4089-8FD8-376CDA0D5D57}.AppStore|x64.Build.0 = Debug|iPhoneSimulator
		{86DD2A6C-1B41-4089-8FD8-376CDA0D5D57}.AppStore|x86.ActiveCfg = Debug|iPhoneSimulator
		{86DD2A6C-1B41-4089-8FD8-376CDA0D5D57}.AppStore|x86.Build.0 = Debug|iPhoneSimulator
		{86DD2A6C-1B41-4089-8FD8-376CDA0D5D57}.Debug|Any CPU.ActiveCfg = Debug|iPhoneSimulator
		{86DD2A6C-1B41-4089-8FD8-376CDA0D5D57}.Debug|Any CPU.Build.0 = Debug|iPhoneSimulator
		{86DD2A6C-1B41-4089-8FD8-376CDA0D5D57}.Debug|ARM.ActiveCfg = Debug|iPhoneSimulator
		{86DD2A6C-1B41-4089-8FD8-376CDA0D5D57}.Debug|ARM.Build.0 = Debug|iPhoneSimulator
		{86DD2A6C-1B41-4089-8FD8-376CDA0D5D57}.Debug|iPhone.ActiveCfg = Debug|iPhone
		{86DD2A6C-1B41-4089-8FD8-376CDA0D5D57}.Debug|iPhone.Build.0 = Debug|iPhone
		{86DD2A6C-1B41-4089-8FD8-376CDA0D5D57}.Debug|iPhoneSimulator.ActiveCfg = Debug|iPhoneSimulator
		{86DD2A6C-1B41-4089-8FD8-376CDA0D5D57}.Debug|iPhoneSimulator.Build.0 = Debug|iPhoneSimulator
		{86DD2A6C-1B41-4089-8FD8-376CDA0D5D57}.Debug|x64.ActiveCfg = Debug|iPhoneSimulator
		{86DD2A6C-1B41-4089-8FD8-376CDA0D5D57}.Debug|x64.Build.0 = Debug|iPhoneSimulator
		{86DD2A6C-1B41-4089-8FD8-376CDA0D5D57}.Debug|x86.ActiveCfg = Debug|iPhoneSimulator
		{86DD2A6C-1B41-4089-8FD8-376CDA0D5D57}.Debug|x86.Build.0 = Debug|iPhoneSimulator
		{86DD2A6C-1B41-4089-8FD8-376CDA0D5D57}.Release|Any CPU.ActiveCfg = Release|iPhone
		{86DD2A6C-1B41-4089-8FD8-376CDA0D5D57}.Release|Any CPU.Build.0 = Release|iPhone
		{86DD2A6C-1B41-4089-8FD8-376CDA0D5D57}.Release|ARM.ActiveCfg = Release|iPhone
		{86DD2A6C-1B41-4089-8FD8-376CDA0D5D57}.Release|ARM.Build.0 = Release|iPhone
		{86DD2A6C-1B41-4089-8FD8-376CDA0D5D57}.Release|iPhone.ActiveCfg = Release|iPhone
		{86DD2A6C-1B41-4089-8FD8-376CDA0D5D57}.Release|iPhone.Build.0 = Release|iPhone
		{86DD2A6C-1B41-4089-8FD8-376CDA0D5D57}.Release|iPhoneSimulator.ActiveCfg = Release|iPhoneSimulator
		{86DD2A6C-1B41-4089-8FD8-376CDA0D5D57}.Release|iPhoneSimulator.Build.0 = Release|iPhoneSimulator
		{86DD2A6C-1B41-4089-8FD8-376CDA0D5D57}.Release|x64.ActiveCfg = Release|iPhone
		{86DD2A6C-1B41-4089-8FD8-376CDA0D5D57}.Release|x64.Build.0 = Release|iPhone
		{86DD2A6C-1B41-4089-8FD8-376CDA0D5D57}.Release|x86.ActiveCfg = Release|iPhone
		{86DD2A6C-1B41-4089-8FD8-376CDA0D5D57}.Release|x86.Build.0 = Release|iPhone
		{60D17626-B3E7-45C5-9A4F-74B5415C2CB7}.Ad-Hoc|Any CPU.ActiveCfg = Release|Any CPU
		{60D17626-B3E7-45C5-9A4F-74B5415C2CB7}.Ad-Hoc|Any CPU.Build.0 = Release|Any CPU
		{60D17626-B3E7-45C5-9A4F-74B5415C2CB7}.Ad-Hoc|Any CPU.Deploy.0 = Release|Any CPU
		{60D17626-B3E7-45C5-9A4F-74B5415C2CB7}.Ad-Hoc|ARM.ActiveCfg = Release|Any CPU
		{60D17626-B3E7-45C5-9A4F-74B5415C2CB7}.Ad-Hoc|ARM.Build.0 = Release|Any CPU
		{60D17626-B3E7-45C5-9A4F-74B5415C2CB7}.Ad-Hoc|ARM.Deploy.0 = Release|Any CPU
		{60D17626-B3E7-45C5-9A4F-74B5415C2CB7}.Ad-Hoc|iPhone.ActiveCfg = Release|Any CPU
		{60D17626-B3E7-45C5-9A4F-74B5415C2CB7}.Ad-Hoc|iPhone.Build.0 = Release|Any CPU
		{60D17626-B3E7-45C5-9A4F-74B5415C2CB7}.Ad-Hoc|iPhone.Deploy.0 = Release|Any CPU
		{60D17626-B3E7-45C5-9A4F-74B5415C2CB7}.Ad-Hoc|iPhoneSimulator.ActiveCfg = Release|Any CPU
		{60D17626-B3E7-45C5-9A4F-74B5415C2CB7}.Ad-Hoc|iPhoneSimulator.Build.0 = Release|Any CPU
		{60D17626-B3E7-45C5-9A4F-74B5415C2CB7}.Ad-Hoc|iPhoneSimulator.Deploy.0 = Release|Any CPU
		{60D17626-B3E7-45C5-9A4F-74B5415C2CB7}.Ad-Hoc|x64.ActiveCfg = Release|Any CPU
		{60D17626-B3E7-45C5-9A4F-74B5415C2CB7}.Ad-Hoc|x64.Build.0 = Release|Any CPU
		{60D17626-B3E7-45C5-9A4F-74B5415C2CB7}.Ad-Hoc|x64.Deploy.0 = Release|Any CPU
		{60D17626-B3E7-45C5-9A4F-74B5415C2CB7}.Ad-Hoc|x86.ActiveCfg = Release|Any CPU
		{60D17626-B3E7-45C5-9A4F-74B5415C2CB7}.Ad-Hoc|x86.Build.0 = Release|Any CPU
		{60D17626-B3E7-45C5-9A4F-74B5415C2CB7}.Ad-Hoc|x86.Deploy.0 = Release|Any CPU
		{60D17626-B3E7-45C5-9A4F-74B5415C2CB7}.AppStore|Any CPU.ActiveCfg = Release|Any CPU
		{60D17626-B3E7-45C5-9A4F-74B5415C2CB7}.AppStore|Any CPU.Build.0 = Release|Any CPU
		{60D17626-B3E7-45C5-9A4F-74B5415C2CB7}.AppStore|Any CPU.Deploy.0 = Release|Any CPU
		{60D17626-B3E7-45C5-9A4F-74B5415C2CB7}.AppStore|ARM.ActiveCfg = Release|Any CPU
		{60D17626-B3E7-45C5-9A4F-74B5415C2CB7}.AppStore|ARM.Build.0 = Release|Any CPU
		{60D17626-B3E7-45C5-9A4F-74B5415C2CB7}.AppStore|ARM.Deploy.0 = Release|Any CPU
		{60D17626-B3E7-45C5-9A4F-74B5415C2CB7}.AppStore|iPhone.ActiveCfg = Release|Any CPU
		{60D17626-B3E7-45C5-9A4F-74B5415C2CB7}.AppStore|iPhone.Build.0 = Release|Any CPU
		{60D17626-B3E7-45C5-9A4F-74B5415C2CB7}.AppStore|iPhone.Deploy.0 = Release|Any CPU
		{60D17626-B3E7-45C5-9A4F-74B5415C2CB7}.AppStore|iPhoneSimulator.ActiveCfg = Release|Any CPU
		{60D17626-B3E7-45C5-9A4F-74B5415C2CB7}.AppStore|iPhoneSimulator.Build.0 = Release|Any CPU
		{60D17626-B3E7-45C5-9A4F-74B5415C2CB7}.AppStore|iPhoneSimulator.Deploy.0 = Release|Any CPU
		{60D17626-B3E7-45C5-9A4F-74B5415C2CB7}.AppStore|x64.ActiveCfg = Release|Any CPU
		{60D17626-B3E7-45C5-9A4F-74B5415C2CB7}.AppStore|x64.Build.0 = Release|Any CPU
		{60D17626-B3E7-45C5-9A4F-74B5415C2CB7}.AppStore|x64.Deploy.0 = Release|Any CPU
		{60D17626-B3E7-45C5-9A4F-74B5415C2CB7}.AppStore|x86.ActiveCfg = Release|Any CPU
		{60D17626-B3E7-45C5-9A4F-74B5415C2CB7}.AppStore|x86.Build.0 = Release|Any CPU
		{60D17626-B3E7-45C5-9A4F-74B5415C2CB7}.AppStore|x86.Deploy.0 = Release|Any CPU
		{60D17626-B3E7-45C5-9A4F-74B5415C2CB7}.Debug|Any CPU.ActiveCfg = Debug|Any CPU
		{60D17626-B3E7-45C5-9A4F-74B5415C2CB7}.Debug|Any CPU.Build.0 = Debug|Any CPU
		{60D17626-B3E7-45C5-9A4F-74B5415C2CB7}.Debug|Any CPU.Deploy.0 = Debug|Any CPU
		{60D17626-B3E7-45C5-9A4F-74B5415C2CB7}.Debug|ARM.ActiveCfg = Debug|Any CPU
		{60D17626-B3E7-45C5-9A4F-74B5415C2CB7}.Debug|ARM.Build.0 = Debug|Any CPU
		{60D17626-B3E7-45C5-9A4F-74B5415C2CB7}.Debug|ARM.Deploy.0 = Debug|Any CPU
		{60D17626-B3E7-45C5-9A4F-74B5415C2CB7}.Debug|iPhone.ActiveCfg = Debug|Any CPU
		{60D17626-B3E7-45C5-9A4F-74B5415C2CB7}.Debug|iPhone.Build.0 = Debug|Any CPU
		{60D17626-B3E7-45C5-9A4F-74B5415C2CB7}.Debug|iPhone.Deploy.0 = Debug|Any CPU
		{60D17626-B3E7-45C5-9A4F-74B5415C2CB7}.Debug|iPhoneSimulator.ActiveCfg = Debug|Any CPU
		{60D17626-B3E7-45C5-9A4F-74B5415C2CB7}.Debug|iPhoneSimulator.Build.0 = Debug|Any CPU
		{60D17626-B3E7-45C5-9A4F-74B5415C2CB7}.Debug|iPhoneSimulator.Deploy.0 = Debug|Any CPU
		{60D17626-B3E7-45C5-9A4F-74B5415C2CB7}.Debug|x64.ActiveCfg = Debug|Any CPU
		{60D17626-B3E7-45C5-9A4F-74B5415C2CB7}.Debug|x64.Build.0 = Debug|Any CPU
		{60D17626-B3E7-45C5-9A4F-74B5415C2CB7}.Debug|x64.Deploy.0 = Debug|Any CPU
		{60D17626-B3E7-45C5-9A4F-74B5415C2CB7}.Debug|x86.ActiveCfg = Debug|Any CPU
		{60D17626-B3E7-45C5-9A4F-74B5415C2CB7}.Debug|x86.Build.0 = Debug|Any CPU
		{60D17626-B3E7-45C5-9A4F-74B5415C2CB7}.Debug|x86.Deploy.0 = Debug|Any CPU
		{60D17626-B3E7-45C5-9A4F-74B5415C2CB7}.Release|Any CPU.ActiveCfg = Release|Any CPU
		{60D17626-B3E7-45C5-9A4F-74B5415C2CB7}.Release|Any CPU.Build.0 = Release|Any CPU
		{60D17626-B3E7-45C5-9A4F-74B5415C2CB7}.Release|Any CPU.Deploy.0 = Release|Any CPU
		{60D17626-B3E7-45C5-9A4F-74B5415C2CB7}.Release|ARM.ActiveCfg = Release|Any CPU
		{60D17626-B3E7-45C5-9A4F-74B5415C2CB7}.Release|ARM.Build.0 = Release|Any CPU
		{60D17626-B3E7-45C5-9A4F-74B5415C2CB7}.Release|ARM.Deploy.0 = Release|Any CPU
		{60D17626-B3E7-45C5-9A4F-74B5415C2CB7}.Release|iPhone.ActiveCfg = Release|Any CPU
		{60D17626-B3E7-45C5-9A4F-74B5415C2CB7}.Release|iPhone.Build.0 = Release|Any CPU
		{60D17626-B3E7-45C5-9A4F-74B5415C2CB7}.Release|iPhone.Deploy.0 = Release|Any CPU
		{60D17626-B3E7-45C5-9A4F-74B5415C2CB7}.Release|iPhoneSimulator.ActiveCfg = Release|Any CPU
		{60D17626-B3E7-45C5-9A4F-74B5415C2CB7}.Release|iPhoneSimulator.Build.0 = Release|Any CPU
		{60D17626-B3E7-45C5-9A4F-74B5415C2CB7}.Release|iPhoneSimulator.Deploy.0 = Release|Any CPU
		{60D17626-B3E7-45C5-9A4F-74B5415C2CB7}.Release|x64.ActiveCfg = Release|Any CPU
		{60D17626-B3E7-45C5-9A4F-74B5415C2CB7}.Release|x64.Build.0 = Release|Any CPU
		{60D17626-B3E7-45C5-9A4F-74B5415C2CB7}.Release|x64.Deploy.0 = Release|Any CPU
		{60D17626-B3E7-45C5-9A4F-74B5415C2CB7}.Release|x86.ActiveCfg = Release|Any CPU
		{60D17626-B3E7-45C5-9A4F-74B5415C2CB7}.Release|x86.Build.0 = Release|Any CPU
		{60D17626-B3E7-45C5-9A4F-74B5415C2CB7}.Release|x86.Deploy.0 = Release|Any CPU
		{D8146E1F-AA1A-4730-ADBE-7E4730839677}.Ad-Hoc|Any CPU.ActiveCfg = Release|Any CPU
		{D8146E1F-AA1A-4730-ADBE-7E4730839677}.Ad-Hoc|Any CPU.Build.0 = Release|Any CPU
		{D8146E1F-AA1A-4730-ADBE-7E4730839677}.Ad-Hoc|Any CPU.Deploy.0 = Release|Any CPU
		{D8146E1F-AA1A-4730-ADBE-7E4730839677}.Ad-Hoc|ARM.ActiveCfg = Release|Any CPU
		{D8146E1F-AA1A-4730-ADBE-7E4730839677}.Ad-Hoc|ARM.Build.0 = Release|Any CPU
		{D8146E1F-AA1A-4730-ADBE-7E4730839677}.Ad-Hoc|ARM.Deploy.0 = Release|Any CPU
		{D8146E1F-AA1A-4730-ADBE-7E4730839677}.Ad-Hoc|iPhone.ActiveCfg = Release|Any CPU
		{D8146E1F-AA1A-4730-ADBE-7E4730839677}.Ad-Hoc|iPhone.Build.0 = Release|Any CPU
		{D8146E1F-AA1A-4730-ADBE-7E4730839677}.Ad-Hoc|iPhone.Deploy.0 = Release|Any CPU
		{D8146E1F-AA1A-4730-ADBE-7E4730839677}.Ad-Hoc|iPhoneSimulator.ActiveCfg = Release|Any CPU
		{D8146E1F-AA1A-4730-ADBE-7E4730839677}.Ad-Hoc|iPhoneSimulator.Build.0 = Release|Any CPU
		{D8146E1F-AA1A-4730-ADBE-7E4730839677}.Ad-Hoc|iPhoneSimulator.Deploy.0 = Release|Any CPU
		{D8146E1F-AA1A-4730-ADBE-7E4730839677}.Ad-Hoc|x64.ActiveCfg = Release|Any CPU
		{D8146E1F-AA1A-4730-ADBE-7E4730839677}.Ad-Hoc|x64.Build.0 = Release|Any CPU
		{D8146E1F-AA1A-4730-ADBE-7E4730839677}.Ad-Hoc|x64.Deploy.0 = Release|Any CPU
		{D8146E1F-AA1A-4730-ADBE-7E4730839677}.Ad-Hoc|x86.ActiveCfg = Release|Any CPU
		{D8146E1F-AA1A-4730-ADBE-7E4730839677}.Ad-Hoc|x86.Build.0 = Release|Any CPU
		{D8146E1F-AA1A-4730-ADBE-7E4730839677}.Ad-Hoc|x86.Deploy.0 = Release|Any CPU
		{D8146E1F-AA1A-4730-ADBE-7E4730839677}.AppStore|Any CPU.ActiveCfg = Release|Any CPU
		{D8146E1F-AA1A-4730-ADBE-7E4730839677}.AppStore|Any CPU.Build.0 = Release|Any CPU
		{D8146E1F-AA1A-4730-ADBE-7E4730839677}.AppStore|Any CPU.Deploy.0 = Release|Any CPU
		{D8146E1F-AA1A-4730-ADBE-7E4730839677}.AppStore|ARM.ActiveCfg = Release|Any CPU
		{D8146E1F-AA1A-4730-ADBE-7E4730839677}.AppStore|ARM.Build.0 = Release|Any CPU
		{D8146E1F-AA1A-4730-ADBE-7E4730839677}.AppStore|ARM.Deploy.0 = Release|Any CPU
		{D8146E1F-AA1A-4730-ADBE-7E4730839677}.AppStore|iPhone.ActiveCfg = Release|Any CPU
		{D8146E1F-AA1A-4730-ADBE-7E4730839677}.AppStore|iPhone.Build.0 = Release|Any CPU
		{D8146E1F-AA1A-4730-ADBE-7E4730839677}.AppStore|iPhone.Deploy.0 = Release|Any CPU
		{D8146E1F-AA1A-4730-ADBE-7E4730839677}.AppStore|iPhoneSimulator.ActiveCfg = Release|Any CPU
		{D8146E1F-AA1A-4730-ADBE-7E4730839677}.AppStore|iPhoneSimulator.Build.0 = Release|Any CPU
		{D8146E1F-AA1A-4730-ADBE-7E4730839677}.AppStore|iPhoneSimulator.Deploy.0 = Release|Any CPU
		{D8146E1F-AA1A-4730-ADBE-7E4730839677}.AppStore|x64.ActiveCfg = Release|Any CPU
		{D8146E1F-AA1A-4730-ADBE-7E4730839677}.AppStore|x64.Build.0 = Release|Any CPU
		{D8146E1F-AA1A-4730-ADBE-7E4730839677}.AppStore|x64.Deploy.0 = Release|Any CPU
		{D8146E1F-AA1A-4730-ADBE-7E4730839677}.AppStore|x86.ActiveCfg = Release|Any CPU
		{D8146E1F-AA1A-4730-ADBE-7E4730839677}.AppStore|x86.Build.0 = Release|Any CPU
		{D8146E1F-AA1A-4730-ADBE-7E4730839677}.AppStore|x86.Deploy.0 = Release|Any CPU
		{D8146E1F-AA1A-4730-ADBE-7E4730839677}.Debug|Any CPU.ActiveCfg = Debug|Any CPU
		{D8146E1F-AA1A-4730-ADBE-7E4730839677}.Debug|Any CPU.Build.0 = Debug|Any CPU
		{D8146E1F-AA1A-4730-ADBE-7E4730839677}.Debug|Any CPU.Deploy.0 = Debug|Any CPU
		{D8146E1F-AA1A-4730-ADBE-7E4730839677}.Debug|ARM.ActiveCfg = Debug|Any CPU
		{D8146E1F-AA1A-4730-ADBE-7E4730839677}.Debug|ARM.Build.0 = Debug|Any CPU
		{D8146E1F-AA1A-4730-ADBE-7E4730839677}.Debug|ARM.Deploy.0 = Debug|Any CPU
		{D8146E1F-AA1A-4730-ADBE-7E4730839677}.Debug|iPhone.ActiveCfg = Debug|Any CPU
		{D8146E1F-AA1A-4730-ADBE-7E4730839677}.Debug|iPhone.Build.0 = Debug|Any CPU
		{D8146E1F-AA1A-4730-ADBE-7E4730839677}.Debug|iPhone.Deploy.0 = Debug|Any CPU
		{D8146E1F-AA1A-4730-ADBE-7E4730839677}.Debug|iPhoneSimulator.ActiveCfg = Debug|Any CPU
		{D8146E1F-AA1A-4730-ADBE-7E4730839677}.Debug|iPhoneSimulator.Build.0 = Debug|Any CPU
		{D8146E1F-AA1A-4730-ADBE-7E4730839677}.Debug|iPhoneSimulator.Deploy.0 = Debug|Any CPU
		{D8146E1F-AA1A-4730-ADBE-7E4730839677}.Debug|x64.ActiveCfg = Debug|Any CPU
		{D8146E1F-AA1A-4730-ADBE-7E4730839677}.Debug|x64.Build.0 = Debug|Any CPU
		{D8146E1F-AA1A-4730-ADBE-7E4730839677}.Debug|x64.Deploy.0 = Debug|Any CPU
		{D8146E1F-AA1A-4730-ADBE-7E4730839677}.Debug|x86.ActiveCfg = Debug|Any CPU
		{D8146E1F-AA1A-4730-ADBE-7E4730839677}.Debug|x86.Build.0 = Debug|Any CPU
		{D8146E1F-AA1A-4730-ADBE-7E4730839677}.Debug|x86.Deploy.0 = Debug|Any CPU
		{D8146E1F-AA1A-4730-ADBE-7E4730839677}.Release|Any CPU.ActiveCfg = Release|Any CPU
		{D8146E1F-AA1A-4730-ADBE-7E4730839677}.Release|Any CPU.Build.0 = Release|Any CPU
		{D8146E1F-AA1A-4730-ADBE-7E4730839677}.Release|Any CPU.Deploy.0 = Release|Any CPU
		{D8146E1F-AA1A-4730-ADBE-7E4730839677}.Release|ARM.ActiveCfg = Release|Any CPU
		{D8146E1F-AA1A-4730-ADBE-7E4730839677}.Release|ARM.Build.0 = Release|Any CPU
		{D8146E1F-AA1A-4730-ADBE-7E4730839677}.Release|ARM.Deploy.0 = Release|Any CPU
		{D8146E1F-AA1A-4730-ADBE-7E4730839677}.Release|iPhone.ActiveCfg = Release|Any CPU
		{D8146E1F-AA1A-4730-ADBE-7E4730839677}.Release|iPhone.Build.0 = Release|Any CPU
		{D8146E1F-AA1A-4730-ADBE-7E4730839677}.Release|iPhone.Deploy.0 = Release|Any CPU
		{D8146E1F-AA1A-4730-ADBE-7E4730839677}.Release|iPhoneSimulator.ActiveCfg = Release|Any CPU
		{D8146E1F-AA1A-4730-ADBE-7E4730839677}.Release|iPhoneSimulator.Build.0 = Release|Any CPU
		{D8146E1F-AA1A-4730-ADBE-7E4730839677}.Release|iPhoneSimulator.Deploy.0 = Release|Any CPU
		{D8146E1F-AA1A-4730-ADBE-7E4730839677}.Release|x64.ActiveCfg = Release|Any CPU
		{D8146E1F-AA1A-4730-ADBE-7E4730839677}.Release|x64.Build.0 = Release|Any CPU
		{D8146E1F-AA1A-4730-ADBE-7E4730839677}.Release|x64.Deploy.0 = Release|Any CPU
		{D8146E1F-AA1A-4730-ADBE-7E4730839677}.Release|x86.ActiveCfg = Release|Any CPU
		{D8146E1F-AA1A-4730-ADBE-7E4730839677}.Release|x86.Build.0 = Release|Any CPU
		{D8146E1F-AA1A-4730-ADBE-7E4730839677}.Release|x86.Deploy.0 = Release|Any CPU
		{12363240-C688-4F0E-999F-D872F67EE2C9}.Ad-Hoc|Any CPU.ActiveCfg = Ad-Hoc|iPhone
		{12363240-C688-4F0E-999F-D872F67EE2C9}.Ad-Hoc|ARM.ActiveCfg = Ad-Hoc|iPhone
		{12363240-C688-4F0E-999F-D872F67EE2C9}.Ad-Hoc|iPhone.ActiveCfg = Ad-Hoc|iPhone
		{12363240-C688-4F0E-999F-D872F67EE2C9}.Ad-Hoc|iPhone.Build.0 = Ad-Hoc|iPhone
		{12363240-C688-4F0E-999F-D872F67EE2C9}.Ad-Hoc|iPhoneSimulator.ActiveCfg = Ad-Hoc|iPhoneSimulator
		{12363240-C688-4F0E-999F-D872F67EE2C9}.Ad-Hoc|iPhoneSimulator.Build.0 = Ad-Hoc|iPhoneSimulator
		{12363240-C688-4F0E-999F-D872F67EE2C9}.Ad-Hoc|x64.ActiveCfg = Ad-Hoc|iPhone
		{12363240-C688-4F0E-999F-D872F67EE2C9}.Ad-Hoc|x86.ActiveCfg = Ad-Hoc|iPhone
		{12363240-C688-4F0E-999F-D872F67EE2C9}.AppStore|Any CPU.ActiveCfg = AppStore|iPhone
		{12363240-C688-4F0E-999F-D872F67EE2C9}.AppStore|ARM.ActiveCfg = AppStore|iPhone
		{12363240-C688-4F0E-999F-D872F67EE2C9}.AppStore|iPhone.ActiveCfg = AppStore|iPhone
		{12363240-C688-4F0E-999F-D872F67EE2C9}.AppStore|iPhone.Build.0 = AppStore|iPhone
		{12363240-C688-4F0E-999F-D872F67EE2C9}.AppStore|iPhoneSimulator.ActiveCfg = AppStore|iPhoneSimulator
		{12363240-C688-4F0E-999F-D872F67EE2C9}.AppStore|iPhoneSimulator.Build.0 = AppStore|iPhoneSimulator
		{12363240-C688-4F0E-999F-D872F67EE2C9}.AppStore|x64.ActiveCfg = AppStore|iPhone
		{12363240-C688-4F0E-999F-D872F67EE2C9}.AppStore|x86.ActiveCfg = AppStore|iPhone
		{12363240-C688-4F0E-999F-D872F67EE2C9}.Debug|Any CPU.ActiveCfg = Debug|iPhone
		{12363240-C688-4F0E-999F-D872F67EE2C9}.Debug|ARM.ActiveCfg = Debug|iPhone
		{12363240-C688-4F0E-999F-D872F67EE2C9}.Debug|iPhone.ActiveCfg = Debug|iPhone
		{12363240-C688-4F0E-999F-D872F67EE2C9}.Debug|iPhone.Build.0 = Debug|iPhone
		{12363240-C688-4F0E-999F-D872F67EE2C9}.Debug|iPhoneSimulator.ActiveCfg = Debug|iPhoneSimulator
		{12363240-C688-4F0E-999F-D872F67EE2C9}.Debug|iPhoneSimulator.Build.0 = Debug|iPhoneSimulator
		{12363240-C688-4F0E-999F-D872F67EE2C9}.Debug|x64.ActiveCfg = Debug|iPhone
		{12363240-C688-4F0E-999F-D872F67EE2C9}.Debug|x86.ActiveCfg = Debug|iPhone
		{12363240-C688-4F0E-999F-D872F67EE2C9}.Release|Any CPU.ActiveCfg = Release|iPhone
		{12363240-C688-4F0E-999F-D872F67EE2C9}.Release|ARM.ActiveCfg = Release|iPhone
		{12363240-C688-4F0E-999F-D872F67EE2C9}.Release|iPhone.ActiveCfg = Release|iPhone
		{12363240-C688-4F0E-999F-D872F67EE2C9}.Release|iPhone.Build.0 = Release|iPhone
		{12363240-C688-4F0E-999F-D872F67EE2C9}.Release|iPhoneSimulator.ActiveCfg = Release|iPhoneSimulator
		{12363240-C688-4F0E-999F-D872F67EE2C9}.Release|iPhoneSimulator.Build.0 = Release|iPhoneSimulator
		{12363240-C688-4F0E-999F-D872F67EE2C9}.Release|x64.ActiveCfg = Release|iPhone
		{12363240-C688-4F0E-999F-D872F67EE2C9}.Release|x86.ActiveCfg = Release|iPhone
		{954762A1-CFFD-47B7-9758-03636519F605}.Ad-Hoc|Any CPU.ActiveCfg = Release|Any CPU
		{954762A1-CFFD-47B7-9758-03636519F605}.Ad-Hoc|Any CPU.Build.0 = Release|Any CPU
		{954762A1-CFFD-47B7-9758-03636519F605}.Ad-Hoc|Any CPU.Deploy.0 = Release|Any CPU
		{954762A1-CFFD-47B7-9758-03636519F605}.Ad-Hoc|ARM.ActiveCfg = Release|ARM
		{954762A1-CFFD-47B7-9758-03636519F605}.Ad-Hoc|ARM.Build.0 = Release|ARM
		{954762A1-CFFD-47B7-9758-03636519F605}.Ad-Hoc|ARM.Deploy.0 = Release|ARM
		{954762A1-CFFD-47B7-9758-03636519F605}.Ad-Hoc|iPhone.ActiveCfg = Release|Any CPU
		{954762A1-CFFD-47B7-9758-03636519F605}.Ad-Hoc|iPhone.Build.0 = Release|Any CPU
		{954762A1-CFFD-47B7-9758-03636519F605}.Ad-Hoc|iPhone.Deploy.0 = Release|Any CPU
		{954762A1-CFFD-47B7-9758-03636519F605}.Ad-Hoc|iPhoneSimulator.ActiveCfg = Release|Any CPU
		{954762A1-CFFD-47B7-9758-03636519F605}.Ad-Hoc|iPhoneSimulator.Build.0 = Release|Any CPU
		{954762A1-CFFD-47B7-9758-03636519F605}.Ad-Hoc|iPhoneSimulator.Deploy.0 = Release|Any CPU
		{954762A1-CFFD-47B7-9758-03636519F605}.Ad-Hoc|x64.ActiveCfg = Release|Any CPU
		{954762A1-CFFD-47B7-9758-03636519F605}.Ad-Hoc|x64.Build.0 = Release|Any CPU
		{954762A1-CFFD-47B7-9758-03636519F605}.Ad-Hoc|x64.Deploy.0 = Release|Any CPU
		{954762A1-CFFD-47B7-9758-03636519F605}.Ad-Hoc|x86.ActiveCfg = Release|x86
		{954762A1-CFFD-47B7-9758-03636519F605}.Ad-Hoc|x86.Build.0 = Release|x86
		{954762A1-CFFD-47B7-9758-03636519F605}.Ad-Hoc|x86.Deploy.0 = Release|x86
		{954762A1-CFFD-47B7-9758-03636519F605}.AppStore|Any CPU.ActiveCfg = Release|Any CPU
		{954762A1-CFFD-47B7-9758-03636519F605}.AppStore|Any CPU.Build.0 = Release|Any CPU
		{954762A1-CFFD-47B7-9758-03636519F605}.AppStore|Any CPU.Deploy.0 = Release|Any CPU
		{954762A1-CFFD-47B7-9758-03636519F605}.AppStore|ARM.ActiveCfg = Release|ARM
		{954762A1-CFFD-47B7-9758-03636519F605}.AppStore|ARM.Build.0 = Release|ARM
		{954762A1-CFFD-47B7-9758-03636519F605}.AppStore|ARM.Deploy.0 = Release|ARM
		{954762A1-CFFD-47B7-9758-03636519F605}.AppStore|iPhone.ActiveCfg = Release|Any CPU
		{954762A1-CFFD-47B7-9758-03636519F605}.AppStore|iPhone.Build.0 = Release|Any CPU
		{954762A1-CFFD-47B7-9758-03636519F605}.AppStore|iPhone.Deploy.0 = Release|Any CPU
		{954762A1-CFFD-47B7-9758-03636519F605}.AppStore|iPhoneSimulator.ActiveCfg = Release|Any CPU
		{954762A1-CFFD-47B7-9758-03636519F605}.AppStore|iPhoneSimulator.Build.0 = Release|Any CPU
		{954762A1-CFFD-47B7-9758-03636519F605}.AppStore|iPhoneSimulator.Deploy.0 = Release|Any CPU
		{954762A1-CFFD-47B7-9758-03636519F605}.AppStore|x64.ActiveCfg = Release|Any CPU
		{954762A1-CFFD-47B7-9758-03636519F605}.AppStore|x64.Build.0 = Release|Any CPU
		{954762A1-CFFD-47B7-9758-03636519F605}.AppStore|x64.Deploy.0 = Release|Any CPU
		{954762A1-CFFD-47B7-9758-03636519F605}.AppStore|x86.ActiveCfg = Release|x86
		{954762A1-CFFD-47B7-9758-03636519F605}.AppStore|x86.Build.0 = Release|x86
		{954762A1-CFFD-47B7-9758-03636519F605}.AppStore|x86.Deploy.0 = Release|x86
		{954762A1-CFFD-47B7-9758-03636519F605}.Debug|Any CPU.ActiveCfg = Debug|Any CPU
		{954762A1-CFFD-47B7-9758-03636519F605}.Debug|Any CPU.Build.0 = Debug|Any CPU
		{954762A1-CFFD-47B7-9758-03636519F605}.Debug|Any CPU.Deploy.0 = Debug|Any CPU
		{954762A1-CFFD-47B7-9758-03636519F605}.Debug|ARM.ActiveCfg = Debug|ARM
		{954762A1-CFFD-47B7-9758-03636519F605}.Debug|ARM.Build.0 = Debug|ARM
		{954762A1-CFFD-47B7-9758-03636519F605}.Debug|ARM.Deploy.0 = Debug|ARM
		{954762A1-CFFD-47B7-9758-03636519F605}.Debug|iPhone.ActiveCfg = Debug|Any CPU
		{954762A1-CFFD-47B7-9758-03636519F605}.Debug|iPhone.Build.0 = Debug|Any CPU
		{954762A1-CFFD-47B7-9758-03636519F605}.Debug|iPhone.Deploy.0 = Debug|Any CPU
		{954762A1-CFFD-47B7-9758-03636519F605}.Debug|iPhoneSimulator.ActiveCfg = Debug|Any CPU
		{954762A1-CFFD-47B7-9758-03636519F605}.Debug|iPhoneSimulator.Build.0 = Debug|Any CPU
		{954762A1-CFFD-47B7-9758-03636519F605}.Debug|iPhoneSimulator.Deploy.0 = Debug|Any CPU
		{954762A1-CFFD-47B7-9758-03636519F605}.Debug|x64.ActiveCfg = Debug|Any CPU
		{954762A1-CFFD-47B7-9758-03636519F605}.Debug|x64.Build.0 = Debug|Any CPU
		{954762A1-CFFD-47B7-9758-03636519F605}.Debug|x64.Deploy.0 = Debug|Any CPU
		{954762A1-CFFD-47B7-9758-03636519F605}.Debug|x86.ActiveCfg = Debug|x86
		{954762A1-CFFD-47B7-9758-03636519F605}.Debug|x86.Build.0 = Debug|x86
		{954762A1-CFFD-47B7-9758-03636519F605}.Debug|x86.Deploy.0 = Debug|x86
		{954762A1-CFFD-47B7-9758-03636519F605}.Release|Any CPU.ActiveCfg = Release|Any CPU
		{954762A1-CFFD-47B7-9758-03636519F605}.Release|Any CPU.Build.0 = Release|Any CPU
		{954762A1-CFFD-47B7-9758-03636519F605}.Release|Any CPU.Deploy.0 = Release|Any CPU
		{954762A1-CFFD-47B7-9758-03636519F605}.Release|ARM.ActiveCfg = Release|ARM
		{954762A1-CFFD-47B7-9758-03636519F605}.Release|ARM.Build.0 = Release|ARM
		{954762A1-CFFD-47B7-9758-03636519F605}.Release|ARM.Deploy.0 = Release|ARM
		{954762A1-CFFD-47B7-9758-03636519F605}.Release|iPhone.ActiveCfg = Release|Any CPU
		{954762A1-CFFD-47B7-9758-03636519F605}.Release|iPhone.Build.0 = Release|Any CPU
		{954762A1-CFFD-47B7-9758-03636519F605}.Release|iPhone.Deploy.0 = Release|Any CPU
		{954762A1-CFFD-47B7-9758-03636519F605}.Release|iPhoneSimulator.ActiveCfg = Release|Any CPU
		{954762A1-CFFD-47B7-9758-03636519F605}.Release|iPhoneSimulator.Build.0 = Release|Any CPU
		{954762A1-CFFD-47B7-9758-03636519F605}.Release|iPhoneSimulator.Deploy.0 = Release|Any CPU
		{954762A1-CFFD-47B7-9758-03636519F605}.Release|x64.ActiveCfg = Release|Any CPU
		{954762A1-CFFD-47B7-9758-03636519F605}.Release|x64.Build.0 = Release|Any CPU
		{954762A1-CFFD-47B7-9758-03636519F605}.Release|x64.Deploy.0 = Release|Any CPU
		{954762A1-CFFD-47B7-9758-03636519F605}.Release|x86.ActiveCfg = Release|x86
		{954762A1-CFFD-47B7-9758-03636519F605}.Release|x86.Build.0 = Release|x86
		{954762A1-CFFD-47B7-9758-03636519F605}.Release|x86.Deploy.0 = Release|x86
		{047B03E9-DE2B-490A-8ED6-6CB62EAE2AB4}.Ad-Hoc|Any CPU.ActiveCfg = Release|x86
		{047B03E9-DE2B-490A-8ED6-6CB62EAE2AB4}.Ad-Hoc|Any CPU.Build.0 = Release|x86
		{047B03E9-DE2B-490A-8ED6-6CB62EAE2AB4}.Ad-Hoc|Any CPU.Deploy.0 = Release|x86
		{047B03E9-DE2B-490A-8ED6-6CB62EAE2AB4}.Ad-Hoc|ARM.ActiveCfg = Release|ARM
		{047B03E9-DE2B-490A-8ED6-6CB62EAE2AB4}.Ad-Hoc|ARM.Build.0 = Release|ARM
		{047B03E9-DE2B-490A-8ED6-6CB62EAE2AB4}.Ad-Hoc|ARM.Deploy.0 = Release|ARM
		{047B03E9-DE2B-490A-8ED6-6CB62EAE2AB4}.Ad-Hoc|iPhone.ActiveCfg = Release|x86
		{047B03E9-DE2B-490A-8ED6-6CB62EAE2AB4}.Ad-Hoc|iPhone.Build.0 = Release|x86
		{047B03E9-DE2B-490A-8ED6-6CB62EAE2AB4}.Ad-Hoc|iPhone.Deploy.0 = Release|x86
		{047B03E9-DE2B-490A-8ED6-6CB62EAE2AB4}.Ad-Hoc|iPhoneSimulator.ActiveCfg = Release|x86
		{047B03E9-DE2B-490A-8ED6-6CB62EAE2AB4}.Ad-Hoc|iPhoneSimulator.Build.0 = Release|x86
		{047B03E9-DE2B-490A-8ED6-6CB62EAE2AB4}.Ad-Hoc|iPhoneSimulator.Deploy.0 = Release|x86
		{047B03E9-DE2B-490A-8ED6-6CB62EAE2AB4}.Ad-Hoc|x64.ActiveCfg = Release|x64
		{047B03E9-DE2B-490A-8ED6-6CB62EAE2AB4}.Ad-Hoc|x64.Build.0 = Release|x64
		{047B03E9-DE2B-490A-8ED6-6CB62EAE2AB4}.Ad-Hoc|x64.Deploy.0 = Release|x64
		{047B03E9-DE2B-490A-8ED6-6CB62EAE2AB4}.Ad-Hoc|x86.ActiveCfg = Release|x86
		{047B03E9-DE2B-490A-8ED6-6CB62EAE2AB4}.Ad-Hoc|x86.Build.0 = Release|x86
		{047B03E9-DE2B-490A-8ED6-6CB62EAE2AB4}.Ad-Hoc|x86.Deploy.0 = Release|x86
		{047B03E9-DE2B-490A-8ED6-6CB62EAE2AB4}.AppStore|Any CPU.ActiveCfg = Release|x86
		{047B03E9-DE2B-490A-8ED6-6CB62EAE2AB4}.AppStore|Any CPU.Build.0 = Release|x86
		{047B03E9-DE2B-490A-8ED6-6CB62EAE2AB4}.AppStore|Any CPU.Deploy.0 = Release|x86
		{047B03E9-DE2B-490A-8ED6-6CB62EAE2AB4}.AppStore|ARM.ActiveCfg = Release|ARM
		{047B03E9-DE2B-490A-8ED6-6CB62EAE2AB4}.AppStore|ARM.Build.0 = Release|ARM
		{047B03E9-DE2B-490A-8ED6-6CB62EAE2AB4}.AppStore|ARM.Deploy.0 = Release|ARM
		{047B03E9-DE2B-490A-8ED6-6CB62EAE2AB4}.AppStore|iPhone.ActiveCfg = Release|x86
		{047B03E9-DE2B-490A-8ED6-6CB62EAE2AB4}.AppStore|iPhone.Build.0 = Release|x86
		{047B03E9-DE2B-490A-8ED6-6CB62EAE2AB4}.AppStore|iPhone.Deploy.0 = Release|x86
		{047B03E9-DE2B-490A-8ED6-6CB62EAE2AB4}.AppStore|iPhoneSimulator.ActiveCfg = Release|x86
		{047B03E9-DE2B-490A-8ED6-6CB62EAE2AB4}.AppStore|iPhoneSimulator.Build.0 = Release|x86
		{047B03E9-DE2B-490A-8ED6-6CB62EAE2AB4}.AppStore|iPhoneSimulator.Deploy.0 = Release|x86
		{047B03E9-DE2B-490A-8ED6-6CB62EAE2AB4}.AppStore|x64.ActiveCfg = Release|x64
		{047B03E9-DE2B-490A-8ED6-6CB62EAE2AB4}.AppStore|x64.Build.0 = Release|x64
		{047B03E9-DE2B-490A-8ED6-6CB62EAE2AB4}.AppStore|x64.Deploy.0 = Release|x64
		{047B03E9-DE2B-490A-8ED6-6CB62EAE2AB4}.AppStore|x86.ActiveCfg = Release|x86
		{047B03E9-DE2B-490A-8ED6-6CB62EAE2AB4}.AppStore|x86.Build.0 = Release|x86
		{047B03E9-DE2B-490A-8ED6-6CB62EAE2AB4}.AppStore|x86.Deploy.0 = Release|x86
		{047B03E9-DE2B-490A-8ED6-6CB62EAE2AB4}.Debug|Any CPU.ActiveCfg = Debug|x86
		{047B03E9-DE2B-490A-8ED6-6CB62EAE2AB4}.Debug|Any CPU.Build.0 = Debug|x86
		{047B03E9-DE2B-490A-8ED6-6CB62EAE2AB4}.Debug|Any CPU.Deploy.0 = Debug|x86
		{047B03E9-DE2B-490A-8ED6-6CB62EAE2AB4}.Debug|ARM.ActiveCfg = Debug|ARM
		{047B03E9-DE2B-490A-8ED6-6CB62EAE2AB4}.Debug|ARM.Build.0 = Debug|ARM
		{047B03E9-DE2B-490A-8ED6-6CB62EAE2AB4}.Debug|ARM.Deploy.0 = Debug|ARM
		{047B03E9-DE2B-490A-8ED6-6CB62EAE2AB4}.Debug|iPhone.ActiveCfg = Debug|x86
		{047B03E9-DE2B-490A-8ED6-6CB62EAE2AB4}.Debug|iPhoneSimulator.ActiveCfg = Debug|x86
		{047B03E9-DE2B-490A-8ED6-6CB62EAE2AB4}.Debug|x64.ActiveCfg = Debug|x64
		{047B03E9-DE2B-490A-8ED6-6CB62EAE2AB4}.Debug|x64.Build.0 = Debug|x64
		{047B03E9-DE2B-490A-8ED6-6CB62EAE2AB4}.Debug|x64.Deploy.0 = Debug|x64
		{047B03E9-DE2B-490A-8ED6-6CB62EAE2AB4}.Debug|x86.ActiveCfg = Debug|x86
		{047B03E9-DE2B-490A-8ED6-6CB62EAE2AB4}.Debug|x86.Build.0 = Debug|x86
		{047B03E9-DE2B-490A-8ED6-6CB62EAE2AB4}.Debug|x86.Deploy.0 = Debug|x86
		{047B03E9-DE2B-490A-8ED6-6CB62EAE2AB4}.Release|Any CPU.ActiveCfg = Release|x86
		{047B03E9-DE2B-490A-8ED6-6CB62EAE2AB4}.Release|ARM.ActiveCfg = Release|ARM
		{047B03E9-DE2B-490A-8ED6-6CB62EAE2AB4}.Release|ARM.Build.0 = Release|ARM
		{047B03E9-DE2B-490A-8ED6-6CB62EAE2AB4}.Release|ARM.Deploy.0 = Release|ARM
		{047B03E9-DE2B-490A-8ED6-6CB62EAE2AB4}.Release|iPhone.ActiveCfg = Release|x86
		{047B03E9-DE2B-490A-8ED6-6CB62EAE2AB4}.Release|iPhoneSimulator.ActiveCfg = Release|x86
		{047B03E9-DE2B-490A-8ED6-6CB62EAE2AB4}.Release|x64.ActiveCfg = Release|x64
		{047B03E9-DE2B-490A-8ED6-6CB62EAE2AB4}.Release|x64.Build.0 = Release|x64
		{047B03E9-DE2B-490A-8ED6-6CB62EAE2AB4}.Release|x64.Deploy.0 = Release|x64
		{047B03E9-DE2B-490A-8ED6-6CB62EAE2AB4}.Release|x86.ActiveCfg = Release|x86
		{047B03E9-DE2B-490A-8ED6-6CB62EAE2AB4}.Release|x86.Build.0 = Release|x86
		{047B03E9-DE2B-490A-8ED6-6CB62EAE2AB4}.Release|x86.Deploy.0 = Release|x86
		{74CB7CA4-2F09-4968-A95B-F9D48D23AEC6}.Ad-Hoc|Any CPU.ActiveCfg = Release|Any CPU
		{74CB7CA4-2F09-4968-A95B-F9D48D23AEC6}.Ad-Hoc|Any CPU.Build.0 = Release|Any CPU
		{74CB7CA4-2F09-4968-A95B-F9D48D23AEC6}.Ad-Hoc|Any CPU.Deploy.0 = Release|Any CPU
		{74CB7CA4-2F09-4968-A95B-F9D48D23AEC6}.Ad-Hoc|ARM.ActiveCfg = Release|ARM
		{74CB7CA4-2F09-4968-A95B-F9D48D23AEC6}.Ad-Hoc|ARM.Build.0 = Release|ARM
		{74CB7CA4-2F09-4968-A95B-F9D48D23AEC6}.Ad-Hoc|ARM.Deploy.0 = Release|ARM
		{74CB7CA4-2F09-4968-A95B-F9D48D23AEC6}.Ad-Hoc|iPhone.ActiveCfg = Release|Any CPU
		{74CB7CA4-2F09-4968-A95B-F9D48D23AEC6}.Ad-Hoc|iPhone.Build.0 = Release|Any CPU
		{74CB7CA4-2F09-4968-A95B-F9D48D23AEC6}.Ad-Hoc|iPhone.Deploy.0 = Release|Any CPU
		{74CB7CA4-2F09-4968-A95B-F9D48D23AEC6}.Ad-Hoc|iPhoneSimulator.ActiveCfg = Release|Any CPU
		{74CB7CA4-2F09-4968-A95B-F9D48D23AEC6}.Ad-Hoc|iPhoneSimulator.Build.0 = Release|Any CPU
		{74CB7CA4-2F09-4968-A95B-F9D48D23AEC6}.Ad-Hoc|iPhoneSimulator.Deploy.0 = Release|Any CPU
		{74CB7CA4-2F09-4968-A95B-F9D48D23AEC6}.Ad-Hoc|x64.ActiveCfg = Release|x64
		{74CB7CA4-2F09-4968-A95B-F9D48D23AEC6}.Ad-Hoc|x64.Build.0 = Release|x64
		{74CB7CA4-2F09-4968-A95B-F9D48D23AEC6}.Ad-Hoc|x64.Deploy.0 = Release|x64
		{74CB7CA4-2F09-4968-A95B-F9D48D23AEC6}.Ad-Hoc|x86.ActiveCfg = Release|x86
		{74CB7CA4-2F09-4968-A95B-F9D48D23AEC6}.Ad-Hoc|x86.Build.0 = Release|x86
		{74CB7CA4-2F09-4968-A95B-F9D48D23AEC6}.Ad-Hoc|x86.Deploy.0 = Release|x86
		{74CB7CA4-2F09-4968-A95B-F9D48D23AEC6}.AppStore|Any CPU.ActiveCfg = Release|Any CPU
		{74CB7CA4-2F09-4968-A95B-F9D48D23AEC6}.AppStore|Any CPU.Build.0 = Release|Any CPU
		{74CB7CA4-2F09-4968-A95B-F9D48D23AEC6}.AppStore|Any CPU.Deploy.0 = Release|Any CPU
		{74CB7CA4-2F09-4968-A95B-F9D48D23AEC6}.AppStore|ARM.ActiveCfg = Release|ARM
		{74CB7CA4-2F09-4968-A95B-F9D48D23AEC6}.AppStore|ARM.Build.0 = Release|ARM
		{74CB7CA4-2F09-4968-A95B-F9D48D23AEC6}.AppStore|ARM.Deploy.0 = Release|ARM
		{74CB7CA4-2F09-4968-A95B-F9D48D23AEC6}.AppStore|iPhone.ActiveCfg = Release|Any CPU
		{74CB7CA4-2F09-4968-A95B-F9D48D23AEC6}.AppStore|iPhone.Build.0 = Release|Any CPU
		{74CB7CA4-2F09-4968-A95B-F9D48D23AEC6}.AppStore|iPhone.Deploy.0 = Release|Any CPU
		{74CB7CA4-2F09-4968-A95B-F9D48D23AEC6}.AppStore|iPhoneSimulator.ActiveCfg = Release|Any CPU
		{74CB7CA4-2F09-4968-A95B-F9D48D23AEC6}.AppStore|iPhoneSimulator.Build.0 = Release|Any CPU
		{74CB7CA4-2F09-4968-A95B-F9D48D23AEC6}.AppStore|iPhoneSimulator.Deploy.0 = Release|Any CPU
		{74CB7CA4-2F09-4968-A95B-F9D48D23AEC6}.AppStore|x64.ActiveCfg = Release|x64
		{74CB7CA4-2F09-4968-A95B-F9D48D23AEC6}.AppStore|x64.Build.0 = Release|x64
		{74CB7CA4-2F09-4968-A95B-F9D48D23AEC6}.AppStore|x64.Deploy.0 = Release|x64
		{74CB7CA4-2F09-4968-A95B-F9D48D23AEC6}.AppStore|x86.ActiveCfg = Release|x86
		{74CB7CA4-2F09-4968-A95B-F9D48D23AEC6}.AppStore|x86.Build.0 = Release|x86
		{74CB7CA4-2F09-4968-A95B-F9D48D23AEC6}.AppStore|x86.Deploy.0 = Release|x86
		{74CB7CA4-2F09-4968-A95B-F9D48D23AEC6}.Debug|Any CPU.ActiveCfg = Debug|Any CPU
		{74CB7CA4-2F09-4968-A95B-F9D48D23AEC6}.Debug|Any CPU.Build.0 = Debug|Any CPU
		{74CB7CA4-2F09-4968-A95B-F9D48D23AEC6}.Debug|Any CPU.Deploy.0 = Debug|Any CPU
		{74CB7CA4-2F09-4968-A95B-F9D48D23AEC6}.Debug|ARM.ActiveCfg = Debug|ARM
		{74CB7CA4-2F09-4968-A95B-F9D48D23AEC6}.Debug|ARM.Build.0 = Debug|ARM
		{74CB7CA4-2F09-4968-A95B-F9D48D23AEC6}.Debug|ARM.Deploy.0 = Debug|ARM
		{74CB7CA4-2F09-4968-A95B-F9D48D23AEC6}.Debug|iPhone.ActiveCfg = Debug|Any CPU
		{74CB7CA4-2F09-4968-A95B-F9D48D23AEC6}.Debug|iPhone.Build.0 = Debug|Any CPU
		{74CB7CA4-2F09-4968-A95B-F9D48D23AEC6}.Debug|iPhone.Deploy.0 = Debug|Any CPU
		{74CB7CA4-2F09-4968-A95B-F9D48D23AEC6}.Debug|iPhoneSimulator.ActiveCfg = Debug|Any CPU
		{74CB7CA4-2F09-4968-A95B-F9D48D23AEC6}.Debug|iPhoneSimulator.Build.0 = Debug|Any CPU
		{74CB7CA4-2F09-4968-A95B-F9D48D23AEC6}.Debug|iPhoneSimulator.Deploy.0 = Debug|Any CPU
		{74CB7CA4-2F09-4968-A95B-F9D48D23AEC6}.Debug|x64.ActiveCfg = Debug|x64
		{74CB7CA4-2F09-4968-A95B-F9D48D23AEC6}.Debug|x64.Build.0 = Debug|x64
		{74CB7CA4-2F09-4968-A95B-F9D48D23AEC6}.Debug|x64.Deploy.0 = Debug|x64
		{74CB7CA4-2F09-4968-A95B-F9D48D23AEC6}.Debug|x86.ActiveCfg = Debug|x86
		{74CB7CA4-2F09-4968-A95B-F9D48D23AEC6}.Debug|x86.Build.0 = Debug|x86
		{74CB7CA4-2F09-4968-A95B-F9D48D23AEC6}.Debug|x86.Deploy.0 = Debug|x86
		{74CB7CA4-2F09-4968-A95B-F9D48D23AEC6}.Release|Any CPU.ActiveCfg = Release|Any CPU
		{74CB7CA4-2F09-4968-A95B-F9D48D23AEC6}.Release|Any CPU.Build.0 = Release|Any CPU
		{74CB7CA4-2F09-4968-A95B-F9D48D23AEC6}.Release|Any CPU.Deploy.0 = Release|Any CPU
		{74CB7CA4-2F09-4968-A95B-F9D48D23AEC6}.Release|ARM.ActiveCfg = Release|ARM
		{74CB7CA4-2F09-4968-A95B-F9D48D23AEC6}.Release|ARM.Build.0 = Release|ARM
		{74CB7CA4-2F09-4968-A95B-F9D48D23AEC6}.Release|ARM.Deploy.0 = Release|ARM
		{74CB7CA4-2F09-4968-A95B-F9D48D23AEC6}.Release|iPhone.ActiveCfg = Release|Any CPU
		{74CB7CA4-2F09-4968-A95B-F9D48D23AEC6}.Release|iPhone.Build.0 = Release|Any CPU
		{74CB7CA4-2F09-4968-A95B-F9D48D23AEC6}.Release|iPhone.Deploy.0 = Release|Any CPU
		{74CB7CA4-2F09-4968-A95B-F9D48D23AEC6}.Release|iPhoneSimulator.ActiveCfg = Release|Any CPU
		{74CB7CA4-2F09-4968-A95B-F9D48D23AEC6}.Release|iPhoneSimulator.Build.0 = Release|Any CPU
		{74CB7CA4-2F09-4968-A95B-F9D48D23AEC6}.Release|iPhoneSimulator.Deploy.0 = Release|Any CPU
		{74CB7CA4-2F09-4968-A95B-F9D48D23AEC6}.Release|x64.ActiveCfg = Release|x64
		{74CB7CA4-2F09-4968-A95B-F9D48D23AEC6}.Release|x64.Build.0 = Release|x64
		{74CB7CA4-2F09-4968-A95B-F9D48D23AEC6}.Release|x64.Deploy.0 = Release|x64
		{74CB7CA4-2F09-4968-A95B-F9D48D23AEC6}.Release|x86.ActiveCfg = Release|x86
		{74CB7CA4-2F09-4968-A95B-F9D48D23AEC6}.Release|x86.Build.0 = Release|x86
		{74CB7CA4-2F09-4968-A95B-F9D48D23AEC6}.Release|x86.Deploy.0 = Release|x86
		{1975B8B8-E67C-4872-B0AA-42F16FC0064E}.Ad-Hoc|Any CPU.ActiveCfg = Release|Any CPU
		{1975B8B8-E67C-4872-B0AA-42F16FC0064E}.Ad-Hoc|Any CPU.Build.0 = Release|Any CPU
		{1975B8B8-E67C-4872-B0AA-42F16FC0064E}.Ad-Hoc|ARM.ActiveCfg = Release|Any CPU
		{1975B8B8-E67C-4872-B0AA-42F16FC0064E}.Ad-Hoc|ARM.Build.0 = Release|Any CPU
		{1975B8B8-E67C-4872-B0AA-42F16FC0064E}.Ad-Hoc|iPhone.ActiveCfg = Release|Any CPU
		{1975B8B8-E67C-4872-B0AA-42F16FC0064E}.Ad-Hoc|iPhone.Build.0 = Release|Any CPU
		{1975B8B8-E67C-4872-B0AA-42F16FC0064E}.Ad-Hoc|iPhoneSimulator.ActiveCfg = Release|Any CPU
		{1975B8B8-E67C-4872-B0AA-42F16FC0064E}.Ad-Hoc|iPhoneSimulator.Build.0 = Release|Any CPU
		{1975B8B8-E67C-4872-B0AA-42F16FC0064E}.Ad-Hoc|x64.ActiveCfg = Release|Any CPU
		{1975B8B8-E67C-4872-B0AA-42F16FC0064E}.Ad-Hoc|x64.Build.0 = Release|Any CPU
		{1975B8B8-E67C-4872-B0AA-42F16FC0064E}.Ad-Hoc|x86.ActiveCfg = Release|Any CPU
		{1975B8B8-E67C-4872-B0AA-42F16FC0064E}.Ad-Hoc|x86.Build.0 = Release|Any CPU
		{1975B8B8-E67C-4872-B0AA-42F16FC0064E}.AppStore|Any CPU.ActiveCfg = Release|Any CPU
		{1975B8B8-E67C-4872-B0AA-42F16FC0064E}.AppStore|Any CPU.Build.0 = Release|Any CPU
		{1975B8B8-E67C-4872-B0AA-42F16FC0064E}.AppStore|ARM.ActiveCfg = Release|Any CPU
		{1975B8B8-E67C-4872-B0AA-42F16FC0064E}.AppStore|ARM.Build.0 = Release|Any CPU
		{1975B8B8-E67C-4872-B0AA-42F16FC0064E}.AppStore|iPhone.ActiveCfg = Release|Any CPU
		{1975B8B8-E67C-4872-B0AA-42F16FC0064E}.AppStore|iPhone.Build.0 = Release|Any CPU
		{1975B8B8-E67C-4872-B0AA-42F16FC0064E}.AppStore|iPhoneSimulator.ActiveCfg = Release|Any CPU
		{1975B8B8-E67C-4872-B0AA-42F16FC0064E}.AppStore|iPhoneSimulator.Build.0 = Release|Any CPU
		{1975B8B8-E67C-4872-B0AA-42F16FC0064E}.AppStore|x64.ActiveCfg = Release|Any CPU
		{1975B8B8-E67C-4872-B0AA-42F16FC0064E}.AppStore|x64.Build.0 = Release|Any CPU
		{1975B8B8-E67C-4872-B0AA-42F16FC0064E}.AppStore|x86.ActiveCfg = Release|Any CPU
		{1975B8B8-E67C-4872-B0AA-42F16FC0064E}.AppStore|x86.Build.0 = Release|Any CPU
		{1975B8B8-E67C-4872-B0AA-42F16FC0064E}.Debug|Any CPU.ActiveCfg = Debug|Any CPU
		{1975B8B8-E67C-4872-B0AA-42F16FC0064E}.Debug|Any CPU.Build.0 = Debug|Any CPU
		{1975B8B8-E67C-4872-B0AA-42F16FC0064E}.Debug|ARM.ActiveCfg = Debug|Any CPU
		{1975B8B8-E67C-4872-B0AA-42F16FC0064E}.Debug|ARM.Build.0 = Debug|Any CPU
		{1975B8B8-E67C-4872-B0AA-42F16FC0064E}.Debug|iPhone.ActiveCfg = Debug|Any CPU
		{1975B8B8-E67C-4872-B0AA-42F16FC0064E}.Debug|iPhone.Build.0 = Debug|Any CPU
		{1975B8B8-E67C-4872-B0AA-42F16FC0064E}.Debug|iPhoneSimulator.ActiveCfg = Debug|Any CPU
		{1975B8B8-E67C-4872-B0AA-42F16FC0064E}.Debug|iPhoneSimulator.Build.0 = Debug|Any CPU
		{1975B8B8-E67C-4872-B0AA-42F16FC0064E}.Debug|x64.ActiveCfg = Debug|Any CPU
		{1975B8B8-E67C-4872-B0AA-42F16FC0064E}.Debug|x64.Build.0 = Debug|Any CPU
		{1975B8B8-E67C-4872-B0AA-42F16FC0064E}.Debug|x86.ActiveCfg = Debug|Any CPU
		{1975B8B8-E67C-4872-B0AA-42F16FC0064E}.Debug|x86.Build.0 = Debug|Any CPU
		{1975B8B8-E67C-4872-B0AA-42F16FC0064E}.Release|Any CPU.ActiveCfg = Release|Any CPU
		{1975B8B8-E67C-4872-B0AA-42F16FC0064E}.Release|Any CPU.Build.0 = Release|Any CPU
		{1975B8B8-E67C-4872-B0AA-42F16FC0064E}.Release|ARM.ActiveCfg = Release|Any CPU
		{1975B8B8-E67C-4872-B0AA-42F16FC0064E}.Release|ARM.Build.0 = Release|Any CPU
		{1975B8B8-E67C-4872-B0AA-42F16FC0064E}.Release|iPhone.ActiveCfg = Release|Any CPU
		{1975B8B8-E67C-4872-B0AA-42F16FC0064E}.Release|iPhone.Build.0 = Release|Any CPU
		{1975B8B8-E67C-4872-B0AA-42F16FC0064E}.Release|iPhoneSimulator.ActiveCfg = Release|Any CPU
		{1975B8B8-E67C-4872-B0AA-42F16FC0064E}.Release|iPhoneSimulator.Build.0 = Release|Any CPU
		{1975B8B8-E67C-4872-B0AA-42F16FC0064E}.Release|x64.ActiveCfg = Release|Any CPU
		{1975B8B8-E67C-4872-B0AA-42F16FC0064E}.Release|x64.Build.0 = Release|Any CPU
		{1975B8B8-E67C-4872-B0AA-42F16FC0064E}.Release|x86.ActiveCfg = Release|Any CPU
		{1975B8B8-E67C-4872-B0AA-42F16FC0064E}.Release|x86.Build.0 = Release|Any CPU
	EndGlobalSection
	GlobalSection(SolutionProperties) = preSolution
		HideSolutionNode = FALSE
	EndGlobalSection
	GlobalSection(NestedProjects) = preSolution
		{A983858D-E270-4BD8-95CF-5776E4A97036} = {D603D2CB-6F3D-4DF7-ADC5-0C4E656058F7}
		{64E9EE8A-B31D-49EB-96F4-6F8FD9154573} = {166829A3-86E4-411E-9D25-26D8EEDD9A6A}
		{9D8D46C4-7235-431E-9001-271B388BA274} = {166829A3-86E4-411E-9D25-26D8EEDD9A6A}
		{B62E1B62-4166-4C08-9B81-E47AB56EA59E} = {1941547A-FB9B-44A6-ADEB-40F2313F1B24}
		{86DD2A6C-1B41-4089-8FD8-376CDA0D5D57} = {1941547A-FB9B-44A6-ADEB-40F2313F1B24}
		{60D17626-B3E7-45C5-9A4F-74B5415C2CB7} = {166829A3-86E4-411E-9D25-26D8EEDD9A6A}
		{B2F36159-A93D-4116-A40C-78F92E736CCA} = {BD8E708E-C920-46EC-BCA6-6FB75A228FDB}
		{D8146E1F-AA1A-4730-ADBE-7E4730839677} = {B2F36159-A93D-4116-A40C-78F92E736CCA}
		{12363240-C688-4F0E-999F-D872F67EE2C9} = {B2F36159-A93D-4116-A40C-78F92E736CCA}
		{954762A1-CFFD-47B7-9758-03636519F605} = {B2F36159-A93D-4116-A40C-78F92E736CCA}
		{047B03E9-DE2B-490A-8ED6-6CB62EAE2AB4} = {B2F36159-A93D-4116-A40C-78F92E736CCA}
		{74CB7CA4-2F09-4968-A95B-F9D48D23AEC6} = {B2F36159-A93D-4116-A40C-78F92E736CCA}
		{1975B8B8-E67C-4872-B0AA-42F16FC0064E} = {B2F36159-A93D-4116-A40C-78F92E736CCA}
	EndGlobalSection
EndGlobal
