
Microsoft Visual Studio Solution File, Format Version 12.00
# Visual Studio 2012
VisualStudioVersion = 14.0.23107.0
MinimumVisualStudioVersion = 10.0.40219.1
Project("{2150E333-8FDC-42A3-9474-1A3956D46DE8}") = "Messenger", "Messenger", "{D603D2CB-6F3D-4DF7-ADC5-0C4E656058F7}"
EndProject
Project("{FAE04EC0-301F-11D3-BF4B-00C04F79EFBC}") = "Messenger", "Messenger\Messenger.csproj", "{A983858D-E270-4BD8-95CF-5776E4A97036}"
EndProject
Project("{2150E333-8FDC-42A3-9474-1A3956D46DE8}") = "Android", "Android", "{166829A3-86E4-411E-9D25-26D8EEDD9A6A}"
EndProject
Project("{FAE04EC0-301F-11D3-BF4B-00C04F79EFBC}") = "MvvmLightBindings.Droid", "Android\MvvmLightBindings.Droid\MvvmLightBindings.Droid.csproj", "{64E9EE8A-B31D-49EB-96F4-6F8FD9154573}"
EndProject
Project("{FAE04EC0-301F-11D3-BF4B-00C04F79EFBC}") = "MvvmLightListBindings.Droid", "Android\MvvmLightListBindings.Droid\MvvmLightListBindings.Droid.csproj", "{9D8D46C4-7235-431E-9001-271B388BA274}"
EndProject
Project("{2150E333-8FDC-42A3-9474-1A3956D46DE8}") = "iOS", "iOS", "{1941547A-FB9B-44A6-ADEB-40F2313F1B24}"
EndProject
Project("{FAE04EC0-301F-11D3-BF4B-00C04F79EFBC}") = "MvvmLightTableViewBindings.iOS", "iOS\MvvmLightTableViewBindings.iOS\MvvmLightTableViewBindings.iOS.csproj", "{B62E1B62-4166-4C08-9B81-E47AB56EA59E}"
EndProject
Project("{FAE04EC0-301F-11D3-BF4B-00C04F79EFBC}") = "MvvmLightTableViewCellBindings.iOS", "iOS\MvvmLightTableViewCellBindings.iOS\MvvmLightTableViewCellBindings.iOS.csproj", "{86DD2A6C-1B41-4089-8FD8-376CDA0D5D57}"
EndProject
Global
	GlobalSection(SolutionConfigurationPlatforms) = preSolution
		Ad-Hoc|Any CPU = Ad-Hoc|Any CPU
		Ad-Hoc|ARM = Ad-Hoc|ARM
		Ad-Hoc|iPhone = Ad-Hoc|iPhone
		Ad-Hoc|iPhoneSimulator = Ad-Hoc|iPhoneSimulator
		Ad-Hoc|x64 = Ad-Hoc|x64
		Ad-Hoc|x86 = Ad-Hoc|x86
		AppStore|Any CPU = AppStore|Any CPU
		AppStore|ARM = AppStore|ARM
		AppStore|iPhone = AppStore|iPhone
		AppStore|iPhoneSimulator = AppStore|iPhoneSimulator
		AppStore|x64 = AppStore|x64
		AppStore|x86 = AppStore|x86
		Debug|Any CPU = Debug|Any CPU
		Debug|ARM = Debug|ARM
		Debug|iPhone = Debug|iPhone
		Debug|iPhoneSimulator = Debug|iPhoneSimulator
		Debug|x64 = Debug|x64
		Debug|x86 = Debug|x86
		Release|Any CPU = Release|Any CPU
		Release|ARM = Release|ARM
		Release|iPhone = Release|iPhone
		Release|iPhoneSimulator = Release|iPhoneSimulator
		Release|x64 = Release|x64
		Release|x86 = Release|x86
	EndGlobalSection
	GlobalSection(ProjectConfigurationPlatforms) = postSolution
		{64E9EE8A-B31D-49EB-96F4-6F8FD9154573}.Ad-Hoc|Any CPU.ActiveCfg = Release|Any CPU
		{64E9EE8A-B31D-49EB-96F4-6F8FD9154573}.Ad-Hoc|Any CPU.Build.0 = Release|Any CPU
		{64E9EE8A-B31D-49EB-96F4-6F8FD9154573}.Ad-Hoc|Any CPU.Deploy.0 = Release|Any CPU
		{64E9EE8A-B31D-49EB-96F4-6F8FD9154573}.Ad-Hoc|ARM.ActiveCfg = Release|Any CPU
		{64E9EE8A-B31D-49EB-96F4-6F8FD9154573}.Ad-Hoc|ARM.Build.0 = Release|Any CPU
		{64E9EE8A-B31D-49EB-96F4-6F8FD9154573}.Ad-Hoc|ARM.Deploy.0 = Release|Any CPU
		{64E9EE8A-B31D-49EB-96F4-6F8FD9154573}.Ad-Hoc|iPhone.ActiveCfg = Release|Any CPU
		{64E9EE8A-B31D-49EB-96F4-6F8FD9154573}.Ad-Hoc|iPhone.Build.0 = Release|Any CPU
		{64E9EE8A-B31D-49EB-96F4-6F8FD9154573}.Ad-Hoc|iPhone.Deploy.0 = Release|Any CPU
		{64E9EE8A-B31D-49EB-96F4-6F8FD9154573}.Ad-Hoc|iPhoneSimulator.ActiveCfg = Release|Any CPU
		{64E9EE8A-B31D-49EB-96F4-6F8FD9154573}.Ad-Hoc|iPhoneSimulator.Build.0 = Release|Any CPU
		{64E9EE8A-B31D-49EB-96F4-6F8FD9154573}.Ad-Hoc|iPhoneSimulator.Deploy.0 = Release|Any CPU
		{64E9EE8A-B31D-49EB-96F4-6F8FD9154573}.Ad-Hoc|x64.ActiveCfg = Release|Any CPU
		{64E9EE8A-B31D-49EB-96F4-6F8FD9154573}.Ad-Hoc|x64.Build.0 = Release|Any CPU
		{64E9EE8A-B31D-49EB-96F4-6F8FD9154573}.Ad-Hoc|x64.Deploy.0 = Release|Any CPU
		{64E9EE8A-B31D-49EB-96F4-6F8FD9154573}.Ad-Hoc|x86.ActiveCfg = Release|Any CPU
		{64E9EE8A-B31D-49EB-96F4-6F8FD9154573}.Ad-Hoc|x86.Build.0 = Release|Any CPU
		{64E9EE8A-B31D-49EB-96F4-6F8FD9154573}.Ad-Hoc|x86.Deploy.0 = Release|Any CPU
		{64E9EE8A-B31D-49EB-96F4-6F8FD9154573}.AppStore|Any CPU.ActiveCfg = Release|Any CPU
		{64E9EE8A-B31D-49EB-96F4-6F8FD9154573}.AppStore|Any CPU.Build.0 = Release|Any CPU
		{64E9EE8A-B31D-49EB-96F4-6F8FD9154573}.AppStore|Any CPU.Deploy.0 = Release|Any CPU
		{64E9EE8A-B31D-49EB-96F4-6F8FD9154573}.AppStore|ARM.ActiveCfg = Release|Any CPU
		{64E9EE8A-B31D-49EB-96F4-6F8FD9154573}.AppStore|ARM.Build.0 = Release|Any CPU
		{64E9EE8A-B31D-49EB-96F4-6F8FD9154573}.AppStore|ARM.Deploy.0 = Release|Any CPU
		{64E9EE8A-B31D-49EB-96F4-6F8FD9154573}.AppStore|iPhone.ActiveCfg = Release|Any CPU
		{64E9EE8A-B31D-49EB-96F4-6F8FD9154573}.AppStore|iPhone.Build.0 = Release|Any CPU
		{64E9EE8A-B31D-49EB-96F4-6F8FD9154573}.AppStore|iPhone.Deploy.0 = Release|Any CPU
		{64E9EE8A-B31D-49EB-96F4-6F8FD9154573}.AppStore|iPhoneSimulator.ActiveCfg = Release|Any CPU
		{64E9EE8A-B31D-49EB-96F4-6F8FD9154573}.AppStore|iPhoneSimulator.Build.0 = Release|Any CPU
		{64E9EE8A-B31D-49EB-96F4-6F8FD9154573}.AppStore|iPhoneSimulator.Deploy.0 = Release|Any CPU
		{64E9EE8A-B31D-49EB-96F4-6F8FD9154573}.AppStore|x64.ActiveCfg = Release|Any CPU
		{64E9EE8A-B31D-49EB-96F4-6F8FD9154573}.AppStore|x64.Build.0 = Release|Any CPU
		{64E9EE8A-B31D-49EB-96F4-6F8FD9154573}.AppStore|x64.Deploy.0 = Release|Any CPU
		{64E9EE8A-B31D-49EB-96F4-6F8FD9154573}.AppStore|x86.ActiveCfg = Release|Any CPU
		{64E9EE8A-B31D-49EB-96F4-6F8FD9154573}.AppStore|x86.Build.0 = Release|Any CPU
		{64E9EE8A-B31D-49EB-96F4-6F8FD9154573}.AppStore|x86.Deploy.0 = Release|Any CPU
		{64E9EE8A-B31D-49EB-96F4-6F8FD9154573}.Debug|Any CPU.ActiveCfg = Debug|Any CPU
		{64E9EE8A-B31D-49EB-96F4-6F8FD9154573}.Debug|Any CPU.Build.0 = Debug|Any CPU
		{64E9EE8A-B31D-49EB-96F4-6F8FD9154573}.Debug|Any CPU.Deploy.0 = Debug|Any CPU
		{64E9EE8A-B31D-49EB-96F4-6F8FD9154573}.Debug|ARM.ActiveCfg = Debug|Any CPU
		{64E9EE8A-B31D-49EB-96F4-6F8FD9154573}.Debug|ARM.Build.0 = Debug|Any CPU
		{64E9EE8A-B31D-49EB-96F4-6F8FD9154573}.Debug|ARM.Deploy.0 = Debug|Any CPU
		{64E9EE8A-B31D-49EB-96F4-6F8FD9154573}.Debug|iPhone.ActiveCfg = Debug|Any CPU
		{64E9EE8A-B31D-49EB-96F4-6F8FD9154573}.Debug|iPhone.Build.0 = Debug|Any CPU
		{64E9EE8A-B31D-49EB-96F4-6F8FD9154573}.Debug|iPhone.Deploy.0 = Debug|Any CPU
		{64E9EE8A-B31D-49EB-96F4-6F8FD9154573}.Debug|iPhoneSimulator.ActiveCfg = Debug|Any CPU
		{64E9EE8A-B31D-49EB-96F4-6F8FD9154573}.Debug|iPhoneSimulator.Build.0 = Debug|Any CPU
		{64E9EE8A-B31D-49EB-96F4-6F8FD9154573}.Debug|iPhoneSimulator.Deploy.0 = Debug|Any CPU
		{64E9EE8A-B31D-49EB-96F4-6F8FD9154573}.Debug|x64.ActiveCfg = Debug|Any CPU
		{64E9EE8A-B31D-49EB-96F4-6F8FD9154573}.Debug|x64.Build.0 = Debug|Any CPU
		{64E9EE8A-B31D-49EB-96F4-6F8FD9154573}.Debug|x64.Deploy.0 = Debug|Any CPU
		{64E9EE8A-B31D-49EB-96F4-6F8FD9154573}.Debug|x86.ActiveCfg = Debug|Any CPU
		{64E9EE8A-B31D-49EB-96F4-6F8FD9154573}.Debug|x86.Build.0 = Debug|Any CPU
		{64E9EE8A-B31D-49EB-96F4-6F8FD9154573}.Debug|x86.Deploy.0 = Debug|Any CPU
		{64E9EE8A-B31D-49EB-96F4-6F8FD9154573}.Release|Any CPU.ActiveCfg = Release|Any CPU
		{64E9EE8A-B31D-49EB-96F4-6F8FD9154573}.Release|Any CPU.Build.0 = Release|Any CPU
		{64E9EE8A-B31D-49EB-96F4-6F8FD9154573}.Release|Any CPU.Deploy.0 = Release|Any CPU
		{64E9EE8A-B31D-49EB-96F4-6F8FD9154573}.Release|ARM.ActiveCfg = Release|Any CPU
		{64E9EE8A-B31D-49EB-96F4-6F8FD9154573}.Release|ARM.Build.0 = Release|Any CPU
		{64E9EE8A-B31D-49EB-96F4-6F8FD9154573}.Release|ARM.Deploy.0 = Release|Any CPU
		{64E9EE8A-B31D-49EB-96F4-6F8FD9154573}.Release|iPhone.ActiveCfg = Release|Any CPU
		{64E9EE8A-B31D-49EB-96F4-6F8FD9154573}.Release|iPhone.Build.0 = Release|Any CPU
		{64E9EE8A-B31D-49EB-96F4-6F8FD9154573}.Release|iPhone.Deploy.0 = Release|Any CPU
		{64E9EE8A-B31D-49EB-96F4-6F8FD9154573}.Release|iPhoneSimulator.ActiveCfg = Release|Any CPU
		{64E9EE8A-B31D-49EB-96F4-6F8FD9154573}.Release|iPhoneSimulator.Build.0 = Release|Any CPU
		{64E9EE8A-B31D-49EB-96F4-6F8FD9154573}.Release|iPhoneSimulator.Deploy.0 = Release|Any CPU
		{64E9EE8A-B31D-49EB-96F4-6F8FD9154573}.Release|x64.ActiveCfg = Release|Any CPU
		{64E9EE8A-B31D-49EB-96F4-6F8FD9154573}.Release|x64.Build.0 = Release|Any CPU
		{64E9EE8A-B31D-49EB-96F4-6F8FD9154573}.Release|x64.Deploy.0 = Release|Any CPU
		{64E9EE8A-B31D-49EB-96F4-6F8FD9154573}.Release|x86.ActiveCfg = Release|Any CPU
		{64E9EE8A-B31D-49EB-96F4-6F8FD9154573}.Release|x86.Build.0 = Release|Any CPU
		{64E9EE8A-B31D-49EB-96F4-6F8FD9154573}.Release|x86.Deploy.0 = Release|Any CPU
		{86DD2A6C-1B41-4089-8FD8-376CDA0D5D57}.Ad-Hoc|Any CPU.ActiveCfg = Debug|iPhoneSimulator
		{86DD2A6C-1B41-4089-8FD8-376CDA0D5D57}.Ad-Hoc|Any CPU.Build.0 = Debug|iPhoneSimulator
		{86DD2A6C-1B41-4089-8FD8-376CDA0D5D57}.Ad-Hoc|ARM.ActiveCfg = Debug|iPhoneSimulator
		{86DD2A6C-1B41-4089-8FD8-376CDA0D5D57}.Ad-Hoc|ARM.Build.0 = Debug|iPhoneSimulator
		{86DD2A6C-1B41-4089-8FD8-376CDA0D5D57}.Ad-Hoc|iPhone.ActiveCfg = Release|iPhone
		{86DD2A6C-1B41-4089-8FD8-376CDA0D5D57}.Ad-Hoc|iPhone.Build.0 = Release|iPhone
		{86DD2A6C-1B41-4089-8FD8-376CDA0D5D57}.Ad-Hoc|iPhoneSimulator.ActiveCfg = Debug|iPhoneSimulator
		{86DD2A6C-1B41-4089-8FD8-376CDA0D5D57}.Ad-Hoc|iPhoneSimulator.Build.0 = Debug|iPhoneSimulator
		{86DD2A6C-1B41-4089-8FD8-376CDA0D5D57}.Ad-Hoc|x64.ActiveCfg = Debug|iPhoneSimulator
		{86DD2A6C-1B41-4089-8FD8-376CDA0D5D57}.Ad-Hoc|x64.Build.0 = Debug|iPhoneSimulator
		{86DD2A6C-1B41-4089-8FD8-376CDA0D5D57}.Ad-Hoc|x86.ActiveCfg = Debug|iPhoneSimulator
		{86DD2A6C-1B41-4089-8FD8-376CDA0D5D57}.Ad-Hoc|x86.Build.0 = Debug|iPhoneSimulator
		{86DD2A6C-1B41-4089-8FD8-376CDA0D5D57}.AppStore|Any CPU.ActiveCfg = Debug|iPhoneSimulator
		{86DD2A6C-1B41-4089-8FD8-376CDA0D5D57}.AppStore|Any CPU.Build.0 = Debug|iPhoneSimulator
		{86DD2A6C-1B41-4089-8FD8-376CDA0D5D57}.AppStore|ARM.ActiveCfg = Debug|iPhoneSimulator
		{86DD2A6C-1B41-4089-8FD8-376CDA0D5D57}.AppStore|ARM.Build.0 = Debug|iPhoneSimulator
		{86DD2A6C-1B41-4089-8FD8-376CDA0D5D57}.AppStore|iPhone.ActiveCfg = Release|iPhone
		{86DD2A6C-1B41-4089-8FD8-376CDA0D5D57}.AppStore|iPhone.Build.0 = Release|iPhone
		{86DD2A6C-1B41-4089-8FD8-376CDA0D5D57}.AppStore|iPhoneSimulator.ActiveCfg = Debug|iPhoneSimulator
		{86DD2A6C-1B41-4089-8FD8-376CDA0D5D57}.AppStore|iPhoneSimulator.Build.0 = Debug|iPhoneSimulator
		{86DD2A6C-1B41-4089-8FD8-376CDA0D5D57}.AppStore|x64.ActiveCfg = Debug|iPhoneSimulator
		{86DD2A6C-1B41-4089-8FD8-376CDA0D5D57}.AppStore|x64.Build.0 = Debug|iPhoneSimulator
		{86DD2A6C-1B41-4089-8FD8-376CDA0D5D57}.AppStore|x86.ActiveCfg = Debug|iPhoneSimulator
		{86DD2A6C-1B41-4089-8FD8-376CDA0D5D57}.AppStore|x86.Build.0 = Debug|iPhoneSimulator
		{86DD2A6C-1B41-4089-8FD8-376CDA0D5D57}.Debug|Any CPU.ActiveCfg = Debug|iPhoneSimulator
		{86DD2A6C-1B41-4089-8FD8-376CDA0D5D57}.Debug|Any CPU.Build.0 = Debug|iPhoneSimulator
		{86DD2A6C-1B41-4089-8FD8-376CDA0D5D57}.Debug|ARM.ActiveCfg = Debug|iPhoneSimulator
		{86DD2A6C-1B41-4089-8FD8-376CDA0D5D57}.Debug|ARM.Build.0 = Debug|iPhoneSimulator
		{86DD2A6C-1B41-4089-8FD8-376CDA0D5D57}.Debug|iPhone.ActiveCfg = Debug|iPhone
		{86DD2A6C-1B41-4089-8FD8-376CDA0D5D57}.Debug|iPhone.Build.0 = Debug|iPhone
		{86DD2A6C-1B41-4089-8FD8-376CDA0D5D57}.Debug|iPhoneSimulator.ActiveCfg = Debug|iPhoneSimulator
		{86DD2A6C-1B41-4089-8FD8-376CDA0D5D57}.Debug|iPhoneSimulator.Build.0 = Debug|iPhoneSimulator
		{86DD2A6C-1B41-4089-8FD8-376CDA0D5D57}.Debug|x64.ActiveCfg = Debug|iPhoneSimulator
		{86DD2A6C-1B41-4089-8FD8-376CDA0D5D57}.Debug|x64.Build.0 = Debug|iPhoneSimulator
		{86DD2A6C-1B41-4089-8FD8-376CDA0D5D57}.Debug|x86.ActiveCfg = Debug|iPhoneSimulator
		{86DD2A6C-1B41-4089-8FD8-376CDA0D5D57}.Debug|x86.Build.0 = Debug|iPhoneSimulator
		{86DD2A6C-1B41-4089-8FD8-376CDA0D5D57}.Release|Any CPU.ActiveCfg = Release|iPhone
		{86DD2A6C-1B41-4089-8FD8-376CDA0D5D57}.Release|Any CPU.Build.0 = Release|iPhone
		{86DD2A6C-1B41-4089-8FD8-376CDA0D5D57}.Release|ARM.ActiveCfg = Release|iPhone
		{86DD2A6C-1B41-4089-8FD8-376CDA0D5D57}.Release|ARM.Build.0 = Release|iPhone
		{86DD2A6C-1B41-4089-8FD8-376CDA0D5D57}.Release|iPhone.ActiveCfg = Release|iPhone
		{86DD2A6C-1B41-4089-8FD8-376CDA0D5D57}.Release|iPhone.Build.0 = Release|iPhone
		{86DD2A6C-1B41-4089-8FD8-376CDA0D5D57}.Release|iPhoneSimulator.ActiveCfg = Release|iPhoneSimulator
		{86DD2A6C-1B41-4089-8FD8-376CDA0D5D57}.Release|iPhoneSimulator.Build.0 = Release|iPhoneSimulator
		{86DD2A6C-1B41-4089-8FD8-376CDA0D5D57}.Release|x64.ActiveCfg = Release|iPhone
		{86DD2A6C-1B41-4089-8FD8-376CDA0D5D57}.Release|x64.Build.0 = Release|iPhone
		{86DD2A6C-1B41-4089-8FD8-376CDA0D5D57}.Release|x86.ActiveCfg = Release|iPhone
		{86DD2A6C-1B41-4089-8FD8-376CDA0D5D57}.Release|x86.Build.0 = Release|iPhone
		{9D8D46C4-7235-431E-9001-271B388BA274}.Ad-Hoc|Any CPU.ActiveCfg = Release|Any CPU
		{9D8D46C4-7235-431E-9001-271B388BA274}.Ad-Hoc|Any CPU.Build.0 = Release|Any CPU
		{9D8D46C4-7235-431E-9001-271B388BA274}.Ad-Hoc|Any CPU.Deploy.0 = Release|Any CPU
		{9D8D46C4-7235-431E-9001-271B388BA274}.Ad-Hoc|ARM.ActiveCfg = Release|Any CPU
		{9D8D46C4-7235-431E-9001-271B388BA274}.Ad-Hoc|ARM.Build.0 = Release|Any CPU
		{9D8D46C4-7235-431E-9001-271B388BA274}.Ad-Hoc|ARM.Deploy.0 = Release|Any CPU
		{9D8D46C4-7235-431E-9001-271B388BA274}.Ad-Hoc|iPhone.ActiveCfg = Release|Any CPU
		{9D8D46C4-7235-431E-9001-271B388BA274}.Ad-Hoc|iPhone.Build.0 = Release|Any CPU
		{9D8D46C4-7235-431E-9001-271B388BA274}.Ad-Hoc|iPhone.Deploy.0 = Release|Any CPU
		{9D8D46C4-7235-431E-9001-271B388BA274}.Ad-Hoc|iPhoneSimulator.ActiveCfg = Release|Any CPU
		{9D8D46C4-7235-431E-9001-271B388BA274}.Ad-Hoc|iPhoneSimulator.Build.0 = Release|Any CPU
		{9D8D46C4-7235-431E-9001-271B388BA274}.Ad-Hoc|iPhoneSimulator.Deploy.0 = Release|Any CPU
		{9D8D46C4-7235-431E-9001-271B388BA274}.Ad-Hoc|x64.ActiveCfg = Release|Any CPU
		{9D8D46C4-7235-431E-9001-271B388BA274}.Ad-Hoc|x64.Build.0 = Release|Any CPU
		{9D8D46C4-7235-431E-9001-271B388BA274}.Ad-Hoc|x64.Deploy.0 = Release|Any CPU
		{9D8D46C4-7235-431E-9001-271B388BA274}.Ad-Hoc|x86.ActiveCfg = Release|Any CPU
		{9D8D46C4-7235-431E-9001-271B388BA274}.Ad-Hoc|x86.Build.0 = Release|Any CPU
		{9D8D46C4-7235-431E-9001-271B388BA274}.Ad-Hoc|x86.Deploy.0 = Release|Any CPU
		{9D8D46C4-7235-431E-9001-271B388BA274}.AppStore|Any CPU.ActiveCfg = Release|Any CPU
		{9D8D46C4-7235-431E-9001-271B388BA274}.AppStore|Any CPU.Build.0 = Release|Any CPU
		{9D8D46C4-7235-431E-9001-271B388BA274}.AppStore|Any CPU.Deploy.0 = Release|Any CPU
		{9D8D46C4-7235-431E-9001-271B388BA274}.AppStore|ARM.ActiveCfg = Release|Any CPU
		{9D8D46C4-7235-431E-9001-271B388BA274}.AppStore|ARM.Build.0 = Release|Any CPU
		{9D8D46C4-7235-431E-9001-271B388BA274}.AppStore|ARM.Deploy.0 = Release|Any CPU
		{9D8D46C4-7235-431E-9001-271B388BA274}.AppStore|iPhone.ActiveCfg = Release|Any CPU
		{9D8D46C4-7235-431E-9001-271B388BA274}.AppStore|iPhone.Build.0 = Release|Any CPU
		{9D8D46C4-7235-431E-9001-271B388BA274}.AppStore|iPhone.Deploy.0 = Release|Any CPU
		{9D8D46C4-7235-431E-9001-271B388BA274}.AppStore|iPhoneSimulator.ActiveCfg = Release|Any CPU
		{9D8D46C4-7235-431E-9001-271B388BA274}.AppStore|iPhoneSimulator.Build.0 = Release|Any CPU
		{9D8D46C4-7235-431E-9001-271B388BA274}.AppStore|iPhoneSimulator.Deploy.0 = Release|Any CPU
		{9D8D46C4-7235-431E-9001-271B388BA274}.AppStore|x64.ActiveCfg = Release|Any CPU
		{9D8D46C4-7235-431E-9001-271B388BA274}.AppStore|x64.Build.0 = Release|Any CPU
		{9D8D46C4-7235-431E-9001-271B388BA274}.AppStore|x64.Deploy.0 = Release|Any CPU
		{9D8D46C4-7235-431E-9001-271B388BA274}.AppStore|x86.ActiveCfg = Release|Any CPU
		{9D8D46C4-7235-431E-9001-271B388BA274}.AppStore|x86.Build.0 = Release|Any CPU
		{9D8D46C4-7235-431E-9001-271B388BA274}.AppStore|x86.Deploy.0 = Release|Any CPU
		{9D8D46C4-7235-431E-9001-271B388BA274}.Debug|Any CPU.ActiveCfg = Debug|Any CPU
		{9D8D46C4-7235-431E-9001-271B388BA274}.Debug|Any CPU.Build.0 = Debug|Any CPU
		{9D8D46C4-7235-431E-9001-271B388BA274}.Debug|Any CPU.Deploy.0 = Debug|Any CPU
		{9D8D46C4-7235-431E-9001-271B388BA274}.Debug|ARM.ActiveCfg = Debug|Any CPU
		{9D8D46C4-7235-431E-9001-271B388BA274}.Debug|ARM.Build.0 = Debug|Any CPU
		{9D8D46C4-7235-431E-9001-271B388BA274}.Debug|ARM.Deploy.0 = Debug|Any CPU
		{9D8D46C4-7235-431E-9001-271B388BA274}.Debug|iPhone.ActiveCfg = Debug|Any CPU
		{9D8D46C4-7235-431E-9001-271B388BA274}.Debug|iPhone.Build.0 = Debug|Any CPU
		{9D8D46C4-7235-431E-9001-271B388BA274}.Debug|iPhone.Deploy.0 = Debug|Any CPU
		{9D8D46C4-7235-431E-9001-271B388BA274}.Debug|iPhoneSimulator.ActiveCfg = Debug|Any CPU
		{9D8D46C4-7235-431E-9001-271B388BA274}.Debug|iPhoneSimulator.Build.0 = Debug|Any CPU
		{9D8D46C4-7235-431E-9001-271B388BA274}.Debug|iPhoneSimulator.Deploy.0 = Debug|Any CPU
		{9D8D46C4-7235-431E-9001-271B388BA274}.Debug|x64.ActiveCfg = Debug|Any CPU
		{9D8D46C4-7235-431E-9001-271B388BA274}.Debug|x64.Build.0 = Debug|Any CPU
		{9D8D46C4-7235-431E-9001-271B388BA274}.Debug|x64.Deploy.0 = Debug|Any CPU
		{9D8D46C4-7235-431E-9001-271B388BA274}.Debug|x86.ActiveCfg = Debug|Any CPU
		{9D8D46C4-7235-431E-9001-271B388BA274}.Debug|x86.Build.0 = Debug|Any CPU
		{9D8D46C4-7235-431E-9001-271B388BA274}.Debug|x86.Deploy.0 = Debug|Any CPU
		{9D8D46C4-7235-431E-9001-271B388BA274}.Release|Any CPU.ActiveCfg = Release|Any CPU
		{9D8D46C4-7235-431E-9001-271B388BA274}.Release|Any CPU.Build.0 = Release|Any CPU
		{9D8D46C4-7235-431E-9001-271B388BA274}.Release|Any CPU.Deploy.0 = Release|Any CPU
		{9D8D46C4-7235-431E-9001-271B388BA274}.Release|ARM.ActiveCfg = Release|Any CPU
		{9D8D46C4-7235-431E-9001-271B388BA274}.Release|ARM.Build.0 = Release|Any CPU
		{9D8D46C4-7235-431E-9001-271B388BA274}.Release|ARM.Deploy.0 = Release|Any CPU
		{9D8D46C4-7235-431E-9001-271B388BA274}.Release|iPhone.ActiveCfg = Release|Any CPU
		{9D8D46C4-7235-431E-9001-271B388BA274}.Release|iPhone.Build.0 = Release|Any CPU
		{9D8D46C4-7235-431E-9001-271B388BA274}.Release|iPhone.Deploy.0 = Release|Any CPU
		{9D8D46C4-7235-431E-9001-271B388BA274}.Release|iPhoneSimulator.ActiveCfg = Release|Any CPU
		{9D8D46C4-7235-431E-9001-271B388BA274}.Release|iPhoneSimulator.Build.0 = Release|Any CPU
		{9D8D46C4-7235-431E-9001-271B388BA274}.Release|iPhoneSimulator.Deploy.0 = Release|Any CPU
		{9D8D46C4-7235-431E-9001-271B388BA274}.Release|x64.ActiveCfg = Release|Any CPU
		{9D8D46C4-7235-431E-9001-271B388BA274}.Release|x64.Build.0 = Release|Any CPU
		{9D8D46C4-7235-431E-9001-271B388BA274}.Release|x64.Deploy.0 = Release|Any CPU
		{9D8D46C4-7235-431E-9001-271B388BA274}.Release|x86.ActiveCfg = Release|Any CPU
		{9D8D46C4-7235-431E-9001-271B388BA274}.Release|x86.Build.0 = Release|Any CPU
		{9D8D46C4-7235-431E-9001-271B388BA274}.Release|x86.Deploy.0 = Release|Any CPU
		{A983858D-E270-4BD8-95CF-5776E4A97036}.Ad-Hoc|Any CPU.ActiveCfg = Release|Any CPU
		{A983858D-E270-4BD8-95CF-5776E4A97036}.Ad-Hoc|Any CPU.Build.0 = Release|Any CPU
		{A983858D-E270-4BD8-95CF-5776E4A97036}.Ad-Hoc|Any CPU.Deploy.0 = Release|Any CPU
		{A983858D-E270-4BD8-95CF-5776E4A97036}.Ad-Hoc|ARM.ActiveCfg = Release|ARM
		{A983858D-E270-4BD8-95CF-5776E4A97036}.Ad-Hoc|ARM.Build.0 = Release|ARM
		{A983858D-E270-4BD8-95CF-5776E4A97036}.Ad-Hoc|ARM.Deploy.0 = Release|ARM
		{A983858D-E270-4BD8-95CF-5776E4A97036}.Ad-Hoc|iPhone.ActiveCfg = Release|Any CPU
		{A983858D-E270-4BD8-95CF-5776E4A97036}.Ad-Hoc|iPhone.Build.0 = Release|Any CPU
		{A983858D-E270-4BD8-95CF-5776E4A97036}.Ad-Hoc|iPhone.Deploy.0 = Release|Any CPU
		{A983858D-E270-4BD8-95CF-5776E4A97036}.Ad-Hoc|iPhoneSimulator.ActiveCfg = Release|Any CPU
		{A983858D-E270-4BD8-95CF-5776E4A97036}.Ad-Hoc|iPhoneSimulator.Build.0 = Release|Any CPU
		{A983858D-E270-4BD8-95CF-5776E4A97036}.Ad-Hoc|iPhoneSimulator.Deploy.0 = Release|Any CPU
		{A983858D-E270-4BD8-95CF-5776E4A97036}.Ad-Hoc|x64.ActiveCfg = Release|Any CPU
		{A983858D-E270-4BD8-95CF-5776E4A97036}.Ad-Hoc|x64.Build.0 = Release|Any CPU
		{A983858D-E270-4BD8-95CF-5776E4A97036}.Ad-Hoc|x64.Deploy.0 = Release|Any CPU
		{A983858D-E270-4BD8-95CF-5776E4A97036}.Ad-Hoc|x86.ActiveCfg = Release|x86
		{A983858D-E270-4BD8-95CF-5776E4A97036}.Ad-Hoc|x86.Build.0 = Release|x86
		{A983858D-E270-4BD8-95CF-5776E4A97036}.Ad-Hoc|x86.Deploy.0 = Release|x86
		{A983858D-E270-4BD8-95CF-5776E4A97036}.AppStore|Any CPU.ActiveCfg = Release|Any CPU
		{A983858D-E270-4BD8-95CF-5776E4A97036}.AppStore|Any CPU.Build.0 = Release|Any CPU
		{A983858D-E270-4BD8-95CF-5776E4A97036}.AppStore|Any CPU.Deploy.0 = Release|Any CPU
		{A983858D-E270-4BD8-95CF-5776E4A97036}.AppStore|ARM.ActiveCfg = Release|ARM
		{A983858D-E270-4BD8-95CF-5776E4A97036}.AppStore|ARM.Build.0 = Release|ARM
		{A983858D-E270-4BD8-95CF-5776E4A97036}.AppStore|ARM.Deploy.0 = Release|ARM
		{A983858D-E270-4BD8-95CF-5776E4A97036}.AppStore|iPhone.ActiveCfg = Release|Any CPU
		{A983858D-E270-4BD8-95CF-5776E4A97036}.AppStore|iPhone.Build.0 = Release|Any CPU
		{A983858D-E270-4BD8-95CF-5776E4A97036}.AppStore|iPhone.Deploy.0 = Release|Any CPU
		{A983858D-E270-4BD8-95CF-5776E4A97036}.AppStore|iPhoneSimulator.ActiveCfg = Release|Any CPU
		{A983858D-E270-4BD8-95CF-5776E4A97036}.AppStore|iPhoneSimulator.Build.0 = Release|Any CPU
		{A983858D-E270-4BD8-95CF-5776E4A97036}.AppStore|iPhoneSimulator.Deploy.0 = Release|Any CPU
		{A983858D-E270-4BD8-95CF-5776E4A97036}.AppStore|x64.ActiveCfg = Release|Any CPU
		{A983858D-E270-4BD8-95CF-5776E4A97036}.AppStore|x64.Build.0 = Release|Any CPU
		{A983858D-E270-4BD8-95CF-5776E4A97036}.AppStore|x64.Deploy.0 = Release|Any CPU
		{A983858D-E270-4BD8-95CF-5776E4A97036}.AppStore|x86.ActiveCfg = Release|x86
		{A983858D-E270-4BD8-95CF-5776E4A97036}.AppStore|x86.Build.0 = Release|x86
		{A983858D-E270-4BD8-95CF-5776E4A97036}.AppStore|x86.Deploy.0 = Release|x86
		{A983858D-E270-4BD8-95CF-5776E4A97036}.Debug|Any CPU.ActiveCfg = Debug|Any CPU
		{A983858D-E270-4BD8-95CF-5776E4A97036}.Debug|Any CPU.Build.0 = Debug|Any CPU
		{A983858D-E270-4BD8-95CF-5776E4A97036}.Debug|Any CPU.Deploy.0 = Debug|Any CPU
		{A983858D-E270-4BD8-95CF-5776E4A97036}.Debug|ARM.ActiveCfg = Debug|ARM
		{A983858D-E270-4BD8-95CF-5776E4A97036}.Debug|ARM.Build.0 = Debug|ARM
		{A983858D-E270-4BD8-95CF-5776E4A97036}.Debug|ARM.Deploy.0 = Debug|ARM
		{A983858D-E270-4BD8-95CF-5776E4A97036}.Debug|iPhone.ActiveCfg = Debug|Any CPU
		{A983858D-E270-4BD8-95CF-5776E4A97036}.Debug|iPhone.Build.0 = Debug|Any CPU
		{A983858D-E270-4BD8-95CF-5776E4A97036}.Debug|iPhone.Deploy.0 = Debug|Any CPU
		{A983858D-E270-4BD8-95CF-5776E4A97036}.Debug|iPhoneSimulator.ActiveCfg = Debug|Any CPU
		{A983858D-E270-4BD8-95CF-5776E4A97036}.Debug|iPhoneSimulator.Build.0 = Debug|Any CPU
		{A983858D-E270-4BD8-95CF-5776E4A97036}.Debug|iPhoneSimulator.Deploy.0 = Debug|Any CPU
		{A983858D-E270-4BD8-95CF-5776E4A97036}.Debug|x64.ActiveCfg = Debug|Any CPU
		{A983858D-E270-4BD8-95CF-5776E4A97036}.Debug|x86.ActiveCfg = Debug|x86
		{A983858D-E270-4BD8-95CF-5776E4A97036}.Debug|x86.Build.0 = Debug|x86
		{A983858D-E270-4BD8-95CF-5776E4A97036}.Debug|x86.Deploy.0 = Debug|x86
		{A983858D-E270-4BD8-95CF-5776E4A97036}.Release|Any CPU.ActiveCfg = Release|Any CPU
		{A983858D-E270-4BD8-95CF-5776E4A97036}.Release|Any CPU.Build.0 = Release|Any CPU
		{A983858D-E270-4BD8-95CF-5776E4A97036}.Release|Any CPU.Deploy.0 = Release|Any CPU
		{A983858D-E270-4BD8-95CF-5776E4A97036}.Release|ARM.ActiveCfg = Release|ARM
		{A983858D-E270-4BD8-95CF-5776E4A97036}.Release|ARM.Build.0 = Release|ARM
		{A983858D-E270-4BD8-95CF-5776E4A97036}.Release|ARM.Deploy.0 = Release|ARM
		{A983858D-E270-4BD8-95CF-5776E4A97036}.Release|iPhone.ActiveCfg = Release|Any CPU
		{A983858D-E270-4BD8-95CF-5776E4A97036}.Release|iPhone.Build.0 = Release|Any CPU
		{A983858D-E270-4BD8-95CF-5776E4A97036}.Release|iPhone.Deploy.0 = Release|Any CPU
		{A983858D-E270-4BD8-95CF-5776E4A97036}.Release|iPhoneSimulator.ActiveCfg = Release|Any CPU
		{A983858D-E270-4BD8-95CF-5776E4A97036}.Release|iPhoneSimulator.Build.0 = Release|Any CPU
		{A983858D-E270-4BD8-95CF-5776E4A97036}.Release|iPhoneSimulator.Deploy.0 = Release|Any CPU
		{A983858D-E270-4BD8-95CF-5776E4A97036}.Release|x64.ActiveCfg = Release|Any CPU
		{A983858D-E270-4BD8-95CF-5776E4A97036}.Release|x86.ActiveCfg = Release|x86
		{A983858D-E270-4BD8-95CF-5776E4A97036}.Release|x86.Build.0 = Release|x86
		{A983858D-E270-4BD8-95CF-5776E4A97036}.Release|x86.Deploy.0 = Release|x86
		{B62E1B62-4166-4C08-9B81-E47AB56EA59E}.Ad-Hoc|Any CPU.ActiveCfg = Ad-Hoc|iPhone
		{B62E1B62-4166-4C08-9B81-E47AB56EA59E}.Ad-Hoc|ARM.ActiveCfg = Ad-Hoc|iPhone
		{B62E1B62-4166-4C08-9B81-E47AB56EA59E}.Ad-Hoc|iPhone.ActiveCfg = Ad-Hoc|iPhone
		{B62E1B62-4166-4C08-9B81-E47AB56EA59E}.Ad-Hoc|iPhone.Build.0 = Ad-Hoc|iPhone
		{B62E1B62-4166-4C08-9B81-E47AB56EA59E}.Ad-Hoc|iPhoneSimulator.ActiveCfg = Ad-Hoc|iPhoneSimulator
		{B62E1B62-4166-4C08-9B81-E47AB56EA59E}.Ad-Hoc|iPhoneSimulator.Build.0 = Ad-Hoc|iPhoneSimulator
		{B62E1B62-4166-4C08-9B81-E47AB56EA59E}.Ad-Hoc|x64.ActiveCfg = Ad-Hoc|iPhone
		{B62E1B62-4166-4C08-9B81-E47AB56EA59E}.Ad-Hoc|x86.ActiveCfg = Ad-Hoc|iPhone
		{B62E1B62-4166-4C08-9B81-E47AB56EA59E}.AppStore|Any CPU.ActiveCfg = AppStore|iPhone
		{B62E1B62-4166-4C08-9B81-E47AB56EA59E}.AppStore|ARM.ActiveCfg = AppStore|iPhone
		{B62E1B62-4166-4C08-9B81-E47AB56EA59E}.AppStore|iPhone.ActiveCfg = AppStore|iPhone
		{B62E1B62-4166-4C08-9B81-E47AB56EA59E}.AppStore|iPhone.Build.0 = AppStore|iPhone
		{B62E1B62-4166-4C08-9B81-E47AB56EA59E}.AppStore|iPhoneSimulator.ActiveCfg = AppStore|iPhoneSimulator
		{B62E1B62-4166-4C08-9B81-E47AB56EA59E}.AppStore|iPhoneSimulator.Build.0 = AppStore|iPhoneSimulator
		{B62E1B62-4166-4C08-9B81-E47AB56EA59E}.AppStore|x64.ActiveCfg = AppStore|iPhone
		{B62E1B62-4166-4C08-9B81-E47AB56EA59E}.AppStore|x86.ActiveCfg = AppStore|iPhone
		{B62E1B62-4166-4C08-9B81-E47AB56EA59E}.Debug|Any CPU.ActiveCfg = Debug|iPhone
		{B62E1B62-4166-4C08-9B81-E47AB56EA59E}.Debug|ARM.ActiveCfg = Debug|iPhone
		{B62E1B62-4166-4C08-9B81-E47AB56EA59E}.Debug|iPhone.ActiveCfg = Debug|iPhone
		{B62E1B62-4166-4C08-9B81-E47AB56EA59E}.Debug|iPhone.Build.0 = Debug|iPhone
		{B62E1B62-4166-4C08-9B81-E47AB56EA59E}.Debug|iPhoneSimulator.ActiveCfg = Debug|iPhoneSimulator
		{B62E1B62-4166-4C08-9B81-E47AB56EA59E}.Debug|iPhoneSimulator.Build.0 = Debug|iPhoneSimulator
		{B62E1B62-4166-4C08-9B81-E47AB56EA59E}.Debug|x64.ActiveCfg = Debug|iPhone
		{B62E1B62-4166-4C08-9B81-E47AB56EA59E}.Debug|x86.ActiveCfg = Debug|iPhone
		{B62E1B62-4166-4C08-9B81-E47AB56EA59E}.Release|Any CPU.ActiveCfg = Release|iPhone
		{B62E1B62-4166-4C08-9B81-E47AB56EA59E}.Release|ARM.ActiveCfg = Release|iPhone
		{B62E1B62-4166-4C08-9B81-E47AB56EA59E}.Release|iPhone.ActiveCfg = Release|iPhone
		{B62E1B62-4166-4C08-9B81-E47AB56EA59E}.Release|iPhone.Build.0 = Release|iPhone
		{B62E1B62-4166-4C08-9B81-E47AB56EA59E}.Release|iPhoneSimulator.ActiveCfg = Release|iPhoneSimulator
		{B62E1B62-4166-4C08-9B81-E47AB56EA59E}.Release|iPhoneSimulator.Build.0 = Release|iPhoneSimulator
		{B62E1B62-4166-4C08-9B81-E47AB56EA59E}.Release|x64.ActiveCfg = Release|iPhone
		{B62E1B62-4166-4C08-9B81-E47AB56EA59E}.Release|x86.ActiveCfg = Release|iPhone
	EndGlobalSection
	GlobalSection(NestedProjects) = preSolution
		{A983858D-E270-4BD8-95CF-5776E4A97036} = {D603D2CB-6F3D-4DF7-ADC5-0C4E656058F7}
		{64E9EE8A-B31D-49EB-96F4-6F8FD9154573} = {166829A3-86E4-411E-9D25-26D8EEDD9A6A}
		{9D8D46C4-7235-431E-9001-271B388BA274} = {166829A3-86E4-411E-9D25-26D8EEDD9A6A}
		{B62E1B62-4166-4C08-9B81-E47AB56EA59E} = {1941547A-FB9B-44A6-ADEB-40F2313F1B24}
		{86DD2A6C-1B41-4089-8FD8-376CDA0D5D57} = {1941547A-FB9B-44A6-ADEB-40F2313F1B24}
	EndGlobalSection
	GlobalSection(SolutionProperties) = preSolution
		HideSolutionNode = FALSE
	EndGlobalSection
EndGlobal
